// !$*UTF8*$!
{
	archiveVersion = 1;
	classes = {
	};
	objectVersion = 46;
	objects = {

/* Begin PBXBuildFile section */
		4522A37B130B6373008E0790 /* CSketchView.m in Sources */ = {isa = PBXBuildFile; fileRef = 4522A37A130B6373008E0790 /* CSketchView.m */; };
		4522A37F130B64B8008E0790 /* CSketchRenderer.m in Sources */ = {isa = PBXBuildFile; fileRef = 4522A37E130B64B7008E0790 /* CSketchRenderer.m */; };
		4522A382130B659A008E0790 /* CImageRenderer.m in Sources */ = {isa = PBXBuildFile; fileRef = 4522A381130B6599008E0790 /* CImageRenderer.m */; };
		4522A385130B6BA3008E0790 /* SimpleTexture.fsh in Resources */ = {isa = PBXBuildFile; fileRef = 4522A383130B6BA3008E0790 /* SimpleTexture.fsh */; };
		4522A386130B6BA3008E0790 /* SimpleTexture.vsh in Resources */ = {isa = PBXBuildFile; fileRef = 4522A384130B6BA3008E0790 /* SimpleTexture.vsh */; };
		4522A389130B7931008E0790 /* CSketchCanvas.m in Sources */ = {isa = PBXBuildFile; fileRef = 4522A388130B792F008E0790 /* CSketchCanvas.m */; };
		4527174A130B202F00529A0C /* OpenGLES.framework in Frameworks */ = {isa = PBXBuildFile; fileRef = 45271749130B202F00529A0C /* OpenGLES.framework */; };
		4527174C130B203700529A0C /* QuartzCore.framework in Frameworks */ = {isa = PBXBuildFile; fileRef = 4527174B130B203700529A0C /* QuartzCore.framework */; };
		45271760130B27D700529A0C /* Flat.fsh in Resources */ = {isa = PBXBuildFile; fileRef = 4527175D130B27D600529A0C /* Flat.fsh */; };
		45271761130B27D700529A0C /* Flat.vsh in Resources */ = {isa = PBXBuildFile; fileRef = 4527175E130B27D600529A0C /* Flat.vsh */; };
		45271764130B281400529A0C /* Shader.fsh in Resources */ = {isa = PBXBuildFile; fileRef = 45271762130B281400529A0C /* Shader.fsh */; };
		45271765130B281400529A0C /* Shader.vsh in Resources */ = {isa = PBXBuildFile; fileRef = 45271763130B281400529A0C /* Shader.vsh */; };
		45271769130B28F300529A0C /* CTestRenderer.m in Sources */ = {isa = PBXBuildFile; fileRef = 45271768130B28F300529A0C /* CTestRenderer.m */; };
		4527176C130B292300529A0C /* Texture.fsh in Resources */ = {isa = PBXBuildFile; fileRef = 4527176A130B292300529A0C /* Texture.fsh */; };
		4527176D130B292300529A0C /* Texture.vsh in Resources */ = {isa = PBXBuildFile; fileRef = 4527176B130B292300529A0C /* Texture.vsh */; };
		4534304414A63E8600350450 /* CFlat.m in Sources */ = {isa = PBXBuildFile; fileRef = 45342F3614A63E8500350450 /* CFlat.m */; };
		4534304514A63E8600350450 /* CLazyTexture.m in Sources */ = {isa = PBXBuildFile; fileRef = 45342F3A14A63E8500350450 /* CLazyTexture.m */; };
		4534304614A63E8600350450 /* COpenGLAssetLibrary.m in Sources */ = {isa = PBXBuildFile; fileRef = 45342F3C14A63E8500350450 /* COpenGLAssetLibrary.m */; };
		4534304714A63E8600350450 /* CProgram.m in Sources */ = {isa = PBXBuildFile; fileRef = 45342F3E14A63E8500350450 /* CProgram.m */; };
		4534304814A63E8600350450 /* CProgram_Extensions.m in Sources */ = {isa = PBXBuildFile; fileRef = 45342F4014A63E8500350450 /* CProgram_Extensions.m */; };
		4534304914A63E8600350450 /* CShader.m in Sources */ = {isa = PBXBuildFile; fileRef = 45342F4214A63E8500350450 /* CShader.m */; };
		4534304A14A63E8600350450 /* CTexture.m in Sources */ = {isa = PBXBuildFile; fileRef = 45342F4414A63E8500350450 /* CTexture.m */; };
		4534304B14A63E8600350450 /* CFrameBuffer.m in Sources */ = {isa = PBXBuildFile; fileRef = 45342F4714A63E8500350450 /* CFrameBuffer.m */; };
		4534304C14A63E8600350450 /* CRenderBuffer.m in Sources */ = {isa = PBXBuildFile; fileRef = 45342F4914A63E8500350450 /* CRenderBuffer.m */; };
		4534304D14A63E8600350450 /* CVertexArrayBuffer.m in Sources */ = {isa = PBXBuildFile; fileRef = 45342F4B14A63E8500350450 /* CVertexArrayBuffer.m */; };
		4534304E14A63E8600350450 /* CSceneRenderer.m in Sources */ = {isa = PBXBuildFile; fileRef = 45342F4D14A63E8500350450 /* CSceneRenderer.m */; };
		4534304F14A63E8600350450 /* CSceneRenderer_Extensions.m in Sources */ = {isa = PBXBuildFile; fileRef = 45342F4F14A63E8500350450 /* CSceneRenderer_Extensions.m */; };
		4534305014A63E8600350450 /* CArcBall.m in Sources */ = {isa = PBXBuildFile; fileRef = 45342F5214A63E8500350450 /* CArcBall.m */; };
		4534305114A63E8600350450 /* Matrix.m in Sources */ = {isa = PBXBuildFile; fileRef = 45342F5514A63E8500350450 /* Matrix.m */; };
		4534305214A63E8600350450 /* Quaternion.m in Sources */ = {isa = PBXBuildFile; fileRef = 45342F5714A63E8500350450 /* Quaternion.m */; };
		4534305314A63E8600350450 /* CGeometry.m in Sources */ = {isa = PBXBuildFile; fileRef = 45342F5A14A63E8500350450 /* CGeometry.m */; };
		4534305414A63E8600350450 /* CGeometryRenderer.m in Sources */ = {isa = PBXBuildFile; fileRef = 45342F5C14A63E8500350450 /* CGeometryRenderer.m */; };
		4534305514A63E8600350450 /* CMaterial.m in Sources */ = {isa = PBXBuildFile; fileRef = 45342F5E14A63E8500350450 /* CMaterial.m */; };
		4534305614A63E8600350450 /* CMesh.m in Sources */ = {isa = PBXBuildFile; fileRef = 45342F6014A63E8500350450 /* CMesh.m */; };
		4534305714A63E8600350450 /* CMeshLoader.m in Sources */ = {isa = PBXBuildFile; fileRef = 45342F6214A63E8500350450 /* CMeshLoader.m */; };
		4534305814A63E8600350450 /* CMTLParser.m in Sources */ = {isa = PBXBuildFile; fileRef = 45342F6514A63E8500350450 /* CMTLParser.m */; };
		4534305914A63E8600350450 /* COBJParser.m in Sources */ = {isa = PBXBuildFile; fileRef = 45342F6714A63E8500350450 /* COBJParser.m */; };
		4534305A14A63E8600350450 /* OpenGLTypes.m in Sources */ = {isa = PBXBuildFile; fileRef = 45342F6A14A63E8500350450 /* OpenGLTypes.m */; };
		4534305B14A63E8600350450 /* CInteractiveRendererView.m in Sources */ = {isa = PBXBuildFile; fileRef = 45342F6E14A63E8500350450 /* CInteractiveRendererView.m */; };
		4534305C14A63E8600350450 /* CRendererView.m in Sources */ = {isa = PBXBuildFile; fileRef = 45342F7014A63E8500350450 /* CRendererView.m */; };
		4534305D14A63E8600350450 /* UIColor_OpenGLExtensions.m in Sources */ = {isa = PBXBuildFile; fileRef = 45342F7214A63E8500350450 /* UIColor_OpenGLExtensions.m */; };
		4534306114A63E8600350450 /* CCamera.m in Sources */ = {isa = PBXBuildFile; fileRef = 45342F7C14A63E8500350450 /* CCamera.m */; };
		4534306214A63E8600350450 /* CLight.m in Sources */ = {isa = PBXBuildFile; fileRef = 45342F7E14A63E8500350450 /* CLight.m */; };
		4534306314A63E8600350450 /* CGeometry_PropertyListExtensions.m in Sources */ = {isa = PBXBuildFile; fileRef = 45342F8114A63E8500350450 /* CGeometry_PropertyListExtensions.m */; };
		4534306414A63E8600350450 /* CMesh_PropertyListExtensions.m in Sources */ = {isa = PBXBuildFile; fileRef = 45342F8314A63E8500350450 /* CMesh_PropertyListExtensions.m */; };
		4534306514A63E8600350450 /* CVertexBuffer_PropertyListRepresentation.m in Sources */ = {isa = PBXBuildFile; fileRef = 45342F8614A63E8500350450 /* CVertexBuffer_PropertyListRepresentation.m */; };
		4534306614A63E8600350450 /* NSData_NumberExtensions.m in Sources */ = {isa = PBXBuildFile; fileRef = 45342F8814A63E8500350450 /* NSData_NumberExtensions.m */; };
		4534306714A63E8600350450 /* CMutableVertexBuffer.m in Sources */ = {isa = PBXBuildFile; fileRef = 45342F8B14A63E8500350450 /* CMutableVertexBuffer.m */; };
		4534306814A63E8600350450 /* CVertexBuffer.m in Sources */ = {isa = PBXBuildFile; fileRef = 45342F8D14A63E8500350450 /* CVertexBuffer.m */; };
		4534306914A63E8600350450 /* CVertexBufferReference.m in Sources */ = {isa = PBXBuildFile; fileRef = 45342F8F14A63E8500350450 /* CVertexBufferReference.m */; };
		4534306A14A63E8600350450 /* CVertexBufferReference_FactoryExtensions.m in Sources */ = {isa = PBXBuildFile; fileRef = 45342F9114A63E8500350450 /* CVertexBufferReference_FactoryExtensions.m */; };
		4534307914A63EFE00350450 /* Shaders in Resources */ = {isa = PBXBuildFile; fileRef = 4534307814A63EFE00350450 /* Shaders */; };
		45781C59130AFE1E00B57285 /* UIKit.framework in Frameworks */ = {isa = PBXBuildFile; fileRef = 45781C58130AFE1E00B57285 /* UIKit.framework */; };
		45781C5B130AFE1E00B57285 /* Foundation.framework in Frameworks */ = {isa = PBXBuildFile; fileRef = 45781C5A130AFE1E00B57285 /* Foundation.framework */; };
		45781C5D130AFE1E00B57285 /* CoreGraphics.framework in Frameworks */ = {isa = PBXBuildFile; fileRef = 45781C5C130AFE1E00B57285 /* CoreGraphics.framework */; };
		45781C63130AFE1E00B57285 /* InfoPlist.strings in Resources */ = {isa = PBXBuildFile; fileRef = 45781C61130AFE1E00B57285 /* InfoPlist.strings */; };
		45781C66130AFE1E00B57285 /* main.m in Sources */ = {isa = PBXBuildFile; fileRef = 45781C65130AFE1E00B57285 /* main.m */; };
		45781C6C130AFE1E00B57285 /* MainWindow.xib in Resources */ = {isa = PBXBuildFile; fileRef = 45781C6A130AFE1E00B57285 /* MainWindow.xib */; };
		45781C6F130AFE1E00B57285 /* SketchTestViewController.m in Sources */ = {isa = PBXBuildFile; fileRef = 45781C6E130AFE1E00B57285 /* SketchTestViewController.m */; };
		45781C72130AFE1E00B57285 /* SketchTestViewController.xib in Resources */ = {isa = PBXBuildFile; fileRef = 45781C70130AFE1E00B57285 /* SketchTestViewController.xib */; };
		45E221EA130B851D00B5CC2C /* Brush.fsh in Resources */ = {isa = PBXBuildFile; fileRef = 45E221E8130B851D00B5CC2C /* Brush.fsh */; };
		45E221EB130B851D00B5CC2C /* Brush.vsh in Resources */ = {isa = PBXBuildFile; fileRef = 45E221E9130B851D00B5CC2C /* Brush.vsh */; };
/* End PBXBuildFile section */

/* Begin PBXFileReference section */
		4522A379130B6373008E0790 /* CSketchView.h */ = {isa = PBXFileReference; fileEncoding = 4; lastKnownFileType = sourcecode.c.h; path = CSketchView.h; sourceTree = "<group>"; };
		4522A37A130B6373008E0790 /* CSketchView.m */ = {isa = PBXFileReference; fileEncoding = 4; lastKnownFileType = sourcecode.c.objc; path = CSketchView.m; sourceTree = "<group>"; };
		4522A37D130B64B7008E0790 /* CSketchRenderer.h */ = {isa = PBXFileReference; fileEncoding = 4; lastKnownFileType = sourcecode.c.h; path = CSketchRenderer.h; sourceTree = "<group>"; };
		4522A37E130B64B7008E0790 /* CSketchRenderer.m */ = {isa = PBXFileReference; fileEncoding = 4; lastKnownFileType = sourcecode.c.objc; path = CSketchRenderer.m; sourceTree = "<group>"; };
		4522A380130B6599008E0790 /* CImageRenderer.h */ = {isa = PBXFileReference; fileEncoding = 4; lastKnownFileType = sourcecode.c.h; path = CImageRenderer.h; sourceTree = "<group>"; };
		4522A381130B6599008E0790 /* CImageRenderer.m */ = {isa = PBXFileReference; fileEncoding = 4; lastKnownFileType = sourcecode.c.objc; path = CImageRenderer.m; sourceTree = "<group>"; };
		4522A383130B6BA3008E0790 /* SimpleTexture.fsh */ = {isa = PBXFileReference; fileEncoding = 4; lastKnownFileType = sourcecode.glsl; path = SimpleTexture.fsh; sourceTree = "<group>"; };
		4522A384130B6BA3008E0790 /* SimpleTexture.vsh */ = {isa = PBXFileReference; fileEncoding = 4; lastKnownFileType = sourcecode.glsl; path = SimpleTexture.vsh; sourceTree = "<group>"; };
		4522A387130B792F008E0790 /* CSketchCanvas.h */ = {isa = PBXFileReference; fileEncoding = 4; lastKnownFileType = sourcecode.c.h; path = CSketchCanvas.h; sourceTree = "<group>"; };
		4522A388130B792F008E0790 /* CSketchCanvas.m */ = {isa = PBXFileReference; fileEncoding = 4; lastKnownFileType = sourcecode.c.objc; path = CSketchCanvas.m; sourceTree = "<group>"; };
		45271749130B202F00529A0C /* OpenGLES.framework */ = {isa = PBXFileReference; lastKnownFileType = wrapper.framework; name = OpenGLES.framework; path = System/Library/Frameworks/OpenGLES.framework; sourceTree = SDKROOT; };
		4527174B130B203700529A0C /* QuartzCore.framework */ = {isa = PBXFileReference; lastKnownFileType = wrapper.framework; name = QuartzCore.framework; path = System/Library/Frameworks/QuartzCore.framework; sourceTree = SDKROOT; };
		4527175A130B247700529A0C /* CoreGraphics.framework */ = {isa = PBXFileReference; lastKnownFileType = wrapper.framework; name = CoreGraphics.framework; path = System/Library/Frameworks/CoreGraphics.framework; sourceTree = SDKROOT; };
		4527175D130B27D600529A0C /* Flat.fsh */ = {isa = PBXFileReference; fileEncoding = 4; lastKnownFileType = sourcecode.glsl; path = Flat.fsh; sourceTree = "<group>"; };
		4527175E130B27D600529A0C /* Flat.vsh */ = {isa = PBXFileReference; fileEncoding = 4; lastKnownFileType = sourcecode.glsl; path = Flat.vsh; sourceTree = "<group>"; };
		45271762130B281400529A0C /* Shader.fsh */ = {isa = PBXFileReference; fileEncoding = 4; lastKnownFileType = sourcecode.glsl; path = Shader.fsh; sourceTree = "<group>"; };
		45271763130B281400529A0C /* Shader.vsh */ = {isa = PBXFileReference; fileEncoding = 4; lastKnownFileType = sourcecode.glsl; path = Shader.vsh; sourceTree = "<group>"; };
		45271767130B28F300529A0C /* CTestRenderer.h */ = {isa = PBXFileReference; fileEncoding = 4; lastKnownFileType = sourcecode.c.h; path = CTestRenderer.h; sourceTree = "<group>"; };
		45271768130B28F300529A0C /* CTestRenderer.m */ = {isa = PBXFileReference; fileEncoding = 4; lastKnownFileType = sourcecode.c.objc; path = CTestRenderer.m; sourceTree = "<group>"; };
		4527176A130B292300529A0C /* Texture.fsh */ = {isa = PBXFileReference; fileEncoding = 4; lastKnownFileType = sourcecode.glsl; path = Texture.fsh; sourceTree = "<group>"; };
		4527176B130B292300529A0C /* Texture.vsh */ = {isa = PBXFileReference; fileEncoding = 4; lastKnownFileType = sourcecode.glsl; path = Texture.vsh; sourceTree = "<group>"; };
		45342F3514A63E8500350450 /* CFlat.h */ = {isa = PBXFileReference; fileEncoding = 4; lastKnownFileType = sourcecode.c.h; path = CFlat.h; sourceTree = "<group>"; };
		45342F3614A63E8500350450 /* CFlat.m */ = {isa = PBXFileReference; fileEncoding = 4; lastKnownFileType = sourcecode.c.objc; path = CFlat.m; sourceTree = "<group>"; };
		45342F3914A63E8500350450 /* CLazyTexture.h */ = {isa = PBXFileReference; fileEncoding = 4; lastKnownFileType = sourcecode.c.h; path = CLazyTexture.h; sourceTree = "<group>"; };
		45342F3A14A63E8500350450 /* CLazyTexture.m */ = {isa = PBXFileReference; fileEncoding = 4; lastKnownFileType = sourcecode.c.objc; path = CLazyTexture.m; sourceTree = "<group>"; };
		45342F3B14A63E8500350450 /* COpenGLAssetLibrary.h */ = {isa = PBXFileReference; fileEncoding = 4; lastKnownFileType = sourcecode.c.h; path = COpenGLAssetLibrary.h; sourceTree = "<group>"; };
		45342F3C14A63E8500350450 /* COpenGLAssetLibrary.m */ = {isa = PBXFileReference; fileEncoding = 4; lastKnownFileType = sourcecode.c.objc; path = COpenGLAssetLibrary.m; sourceTree = "<group>"; };
		45342F3D14A63E8500350450 /* CProgram.h */ = {isa = PBXFileReference; fileEncoding = 4; lastKnownFileType = sourcecode.c.h; path = CProgram.h; sourceTree = "<group>"; };
		45342F3E14A63E8500350450 /* CProgram.m */ = {isa = PBXFileReference; fileEncoding = 4; lastKnownFileType = sourcecode.c.objc; path = CProgram.m; sourceTree = "<group>"; };
		45342F3F14A63E8500350450 /* CProgram_Extensions.h */ = {isa = PBXFileReference; fileEncoding = 4; lastKnownFileType = sourcecode.c.h; path = CProgram_Extensions.h; sourceTree = "<group>"; };
		45342F4014A63E8500350450 /* CProgram_Extensions.m */ = {isa = PBXFileReference; fileEncoding = 4; lastKnownFileType = sourcecode.c.objc; path = CProgram_Extensions.m; sourceTree = "<group>"; };
		45342F4114A63E8500350450 /* CShader.h */ = {isa = PBXFileReference; fileEncoding = 4; lastKnownFileType = sourcecode.c.h; path = CShader.h; sourceTree = "<group>"; };
		45342F4214A63E8500350450 /* CShader.m */ = {isa = PBXFileReference; fileEncoding = 4; lastKnownFileType = sourcecode.c.objc; path = CShader.m; sourceTree = "<group>"; };
		45342F4314A63E8500350450 /* CTexture.h */ = {isa = PBXFileReference; fileEncoding = 4; lastKnownFileType = sourcecode.c.h; path = CTexture.h; sourceTree = "<group>"; };
		45342F4414A63E8500350450 /* CTexture.m */ = {isa = PBXFileReference; fileEncoding = 4; lastKnownFileType = sourcecode.c.objc; path = CTexture.m; sourceTree = "<group>"; };
		45342F4614A63E8500350450 /* CFrameBuffer.h */ = {isa = PBXFileReference; fileEncoding = 4; lastKnownFileType = sourcecode.c.h; path = CFrameBuffer.h; sourceTree = "<group>"; };
		45342F4714A63E8500350450 /* CFrameBuffer.m */ = {isa = PBXFileReference; fileEncoding = 4; lastKnownFileType = sourcecode.c.objc; path = CFrameBuffer.m; sourceTree = "<group>"; };
		45342F4814A63E8500350450 /* CRenderBuffer.h */ = {isa = PBXFileReference; fileEncoding = 4; lastKnownFileType = sourcecode.c.h; path = CRenderBuffer.h; sourceTree = "<group>"; };
		45342F4914A63E8500350450 /* CRenderBuffer.m */ = {isa = PBXFileReference; fileEncoding = 4; lastKnownFileType = sourcecode.c.objc; path = CRenderBuffer.m; sourceTree = "<group>"; };
		45342F4A14A63E8500350450 /* CVertexArrayBuffer.h */ = {isa = PBXFileReference; fileEncoding = 4; lastKnownFileType = sourcecode.c.h; path = CVertexArrayBuffer.h; sourceTree = "<group>"; };
		45342F4B14A63E8500350450 /* CVertexArrayBuffer.m */ = {isa = PBXFileReference; fileEncoding = 4; lastKnownFileType = sourcecode.c.objc; path = CVertexArrayBuffer.m; sourceTree = "<group>"; };
		45342F4C14A63E8500350450 /* CSceneRenderer.h */ = {isa = PBXFileReference; fileEncoding = 4; lastKnownFileType = sourcecode.c.h; path = CSceneRenderer.h; sourceTree = "<group>"; };
		45342F4D14A63E8500350450 /* CSceneRenderer.m */ = {isa = PBXFileReference; fileEncoding = 4; lastKnownFileType = sourcecode.c.objc; path = CSceneRenderer.m; sourceTree = "<group>"; };
		45342F4E14A63E8500350450 /* CSceneRenderer_Extensions.h */ = {isa = PBXFileReference; fileEncoding = 4; lastKnownFileType = sourcecode.c.h; path = CSceneRenderer_Extensions.h; sourceTree = "<group>"; };
		45342F4F14A63E8500350450 /* CSceneRenderer_Extensions.m */ = {isa = PBXFileReference; fileEncoding = 4; lastKnownFileType = sourcecode.c.objc; path = CSceneRenderer_Extensions.m; sourceTree = "<group>"; };
		45342F5114A63E8500350450 /* CArcBall.h */ = {isa = PBXFileReference; fileEncoding = 4; lastKnownFileType = sourcecode.c.h; path = CArcBall.h; sourceTree = "<group>"; };
		45342F5214A63E8500350450 /* CArcBall.m */ = {isa = PBXFileReference; fileEncoding = 4; lastKnownFileType = sourcecode.c.objc; path = CArcBall.m; sourceTree = "<group>"; };
		45342F5414A63E8500350450 /* Matrix.h */ = {isa = PBXFileReference; fileEncoding = 4; lastKnownFileType = sourcecode.c.h; path = Matrix.h; sourceTree = "<group>"; };
		45342F5514A63E8500350450 /* Matrix.m */ = {isa = PBXFileReference; fileEncoding = 4; lastKnownFileType = sourcecode.c.objc; path = Matrix.m; sourceTree = "<group>"; };
		45342F5614A63E8500350450 /* Quaternion.h */ = {isa = PBXFileReference; fileEncoding = 4; lastKnownFileType = sourcecode.c.h; path = Quaternion.h; sourceTree = "<group>"; };
		45342F5714A63E8500350450 /* Quaternion.m */ = {isa = PBXFileReference; fileEncoding = 4; lastKnownFileType = sourcecode.c.objc; path = Quaternion.m; sourceTree = "<group>"; };
		45342F5914A63E8500350450 /* CGeometry.h */ = {isa = PBXFileReference; fileEncoding = 4; lastKnownFileType = sourcecode.c.h; path = CGeometry.h; sourceTree = "<group>"; };
		45342F5A14A63E8500350450 /* CGeometry.m */ = {isa = PBXFileReference; fileEncoding = 4; lastKnownFileType = sourcecode.c.objc; path = CGeometry.m; sourceTree = "<group>"; };
		45342F5B14A63E8500350450 /* CGeometryRenderer.h */ = {isa = PBXFileReference; fileEncoding = 4; lastKnownFileType = sourcecode.c.h; path = CGeometryRenderer.h; sourceTree = "<group>"; };
		45342F5C14A63E8500350450 /* CGeometryRenderer.m */ = {isa = PBXFileReference; fileEncoding = 4; lastKnownFileType = sourcecode.c.objc; path = CGeometryRenderer.m; sourceTree = "<group>"; };
		45342F5D14A63E8500350450 /* CMaterial.h */ = {isa = PBXFileReference; fileEncoding = 4; lastKnownFileType = sourcecode.c.h; path = CMaterial.h; sourceTree = "<group>"; };
		45342F5E14A63E8500350450 /* CMaterial.m */ = {isa = PBXFileReference; fileEncoding = 4; lastKnownFileType = sourcecode.c.objc; path = CMaterial.m; sourceTree = "<group>"; };
		45342F5F14A63E8500350450 /* CMesh.h */ = {isa = PBXFileReference; fileEncoding = 4; lastKnownFileType = sourcecode.c.h; path = CMesh.h; sourceTree = "<group>"; };
		45342F6014A63E8500350450 /* CMesh.m */ = {isa = PBXFileReference; fileEncoding = 4; lastKnownFileType = sourcecode.c.objc; path = CMesh.m; sourceTree = "<group>"; };
		45342F6114A63E8500350450 /* CMeshLoader.h */ = {isa = PBXFileReference; fileEncoding = 4; lastKnownFileType = sourcecode.c.h; path = CMeshLoader.h; sourceTree = "<group>"; };
		45342F6214A63E8500350450 /* CMeshLoader.m */ = {isa = PBXFileReference; fileEncoding = 4; lastKnownFileType = sourcecode.c.objc; path = CMeshLoader.m; sourceTree = "<group>"; };
		45342F6414A63E8500350450 /* CMTLParser.h */ = {isa = PBXFileReference; fileEncoding = 4; lastKnownFileType = sourcecode.c.h; path = CMTLParser.h; sourceTree = "<group>"; };
		45342F6514A63E8500350450 /* CMTLParser.m */ = {isa = PBXFileReference; fileEncoding = 4; lastKnownFileType = sourcecode.c.objc; path = CMTLParser.m; sourceTree = "<group>"; };
		45342F6614A63E8500350450 /* COBJParser.h */ = {isa = PBXFileReference; fileEncoding = 4; lastKnownFileType = sourcecode.c.h; path = COBJParser.h; sourceTree = "<group>"; };
		45342F6714A63E8500350450 /* COBJParser.m */ = {isa = PBXFileReference; fileEncoding = 4; lastKnownFileType = sourcecode.c.objc; path = COBJParser.m; sourceTree = "<group>"; };
		45342F6814A63E8500350450 /* OpenGLIncludes.h */ = {isa = PBXFileReference; fileEncoding = 4; lastKnownFileType = sourcecode.c.h; path = OpenGLIncludes.h; sourceTree = "<group>"; };
		45342F6914A63E8500350450 /* OpenGLTypes.h */ = {isa = PBXFileReference; fileEncoding = 4; lastKnownFileType = sourcecode.c.h; path = OpenGLTypes.h; sourceTree = "<group>"; };
		45342F6A14A63E8500350450 /* OpenGLTypes.m */ = {isa = PBXFileReference; fileEncoding = 4; lastKnownFileType = sourcecode.c.objc; path = OpenGLTypes.m; sourceTree = "<group>"; };
		45342F6D14A63E8500350450 /* CInteractiveRendererView.h */ = {isa = PBXFileReference; fileEncoding = 4; lastKnownFileType = sourcecode.c.h; path = CInteractiveRendererView.h; sourceTree = "<group>"; };
		45342F6E14A63E8500350450 /* CInteractiveRendererView.m */ = {isa = PBXFileReference; fileEncoding = 4; lastKnownFileType = sourcecode.c.objc; path = CInteractiveRendererView.m; sourceTree = "<group>"; };
		45342F6F14A63E8500350450 /* CRendererView.h */ = {isa = PBXFileReference; fileEncoding = 4; lastKnownFileType = sourcecode.c.h; path = CRendererView.h; sourceTree = "<group>"; };
		45342F7014A63E8500350450 /* CRendererView.m */ = {isa = PBXFileReference; fileEncoding = 4; lastKnownFileType = sourcecode.c.objc; path = CRendererView.m; sourceTree = "<group>"; };
		45342F7114A63E8500350450 /* UIColor_OpenGLExtensions.h */ = {isa = PBXFileReference; fileEncoding = 4; lastKnownFileType = sourcecode.c.h; path = UIColor_OpenGLExtensions.h; sourceTree = "<group>"; };
		45342F7214A63E8500350450 /* UIColor_OpenGLExtensions.m */ = {isa = PBXFileReference; fileEncoding = 4; lastKnownFileType = sourcecode.c.objc; path = UIColor_OpenGLExtensions.m; sourceTree = "<group>"; };
		45342F7B14A63E8500350450 /* CCamera.h */ = {isa = PBXFileReference; fileEncoding = 4; lastKnownFileType = sourcecode.c.h; path = CCamera.h; sourceTree = "<group>"; };
		45342F7C14A63E8500350450 /* CCamera.m */ = {isa = PBXFileReference; fileEncoding = 4; lastKnownFileType = sourcecode.c.objc; path = CCamera.m; sourceTree = "<group>"; };
		45342F7D14A63E8500350450 /* CLight.h */ = {isa = PBXFileReference; fileEncoding = 4; lastKnownFileType = sourcecode.c.h; path = CLight.h; sourceTree = "<group>"; };
		45342F7E14A63E8500350450 /* CLight.m */ = {isa = PBXFileReference; fileEncoding = 4; lastKnownFileType = sourcecode.c.objc; path = CLight.m; sourceTree = "<group>"; };
		45342F8014A63E8500350450 /* CGeometry_PropertyListExtensions.h */ = {isa = PBXFileReference; fileEncoding = 4; lastKnownFileType = sourcecode.c.h; path = CGeometry_PropertyListExtensions.h; sourceTree = "<group>"; };
		45342F8114A63E8500350450 /* CGeometry_PropertyListExtensions.m */ = {isa = PBXFileReference; fileEncoding = 4; lastKnownFileType = sourcecode.c.objc; path = CGeometry_PropertyListExtensions.m; sourceTree = "<group>"; };
		45342F8214A63E8500350450 /* CMesh_PropertyListExtensions.h */ = {isa = PBXFileReference; fileEncoding = 4; lastKnownFileType = sourcecode.c.h; path = CMesh_PropertyListExtensions.h; sourceTree = "<group>"; };
		45342F8314A63E8500350450 /* CMesh_PropertyListExtensions.m */ = {isa = PBXFileReference; fileEncoding = 4; lastKnownFileType = sourcecode.c.objc; path = CMesh_PropertyListExtensions.m; sourceTree = "<group>"; };
		45342F8414A63E8500350450 /* CPropertyListRepresentation.h */ = {isa = PBXFileReference; fileEncoding = 4; lastKnownFileType = sourcecode.c.h; path = CPropertyListRepresentation.h; sourceTree = "<group>"; };
		45342F8514A63E8500350450 /* CVertexBuffer_PropertyListRepresentation.h */ = {isa = PBXFileReference; fileEncoding = 4; lastKnownFileType = sourcecode.c.h; path = CVertexBuffer_PropertyListRepresentation.h; sourceTree = "<group>"; };
		45342F8614A63E8500350450 /* CVertexBuffer_PropertyListRepresentation.m */ = {isa = PBXFileReference; fileEncoding = 4; lastKnownFileType = sourcecode.c.objc; path = CVertexBuffer_PropertyListRepresentation.m; sourceTree = "<group>"; };
		45342F8714A63E8500350450 /* NSData_NumberExtensions.h */ = {isa = PBXFileReference; fileEncoding = 4; lastKnownFileType = sourcecode.c.h; path = NSData_NumberExtensions.h; sourceTree = "<group>"; };
		45342F8814A63E8500350450 /* NSData_NumberExtensions.m */ = {isa = PBXFileReference; fileEncoding = 4; lastKnownFileType = sourcecode.c.objc; path = NSData_NumberExtensions.m; sourceTree = "<group>"; };
		45342F8A14A63E8500350450 /* CMutableVertexBuffer.h */ = {isa = PBXFileReference; fileEncoding = 4; lastKnownFileType = sourcecode.c.h; path = CMutableVertexBuffer.h; sourceTree = "<group>"; };
		45342F8B14A63E8500350450 /* CMutableVertexBuffer.m */ = {isa = PBXFileReference; fileEncoding = 4; lastKnownFileType = sourcecode.c.objc; path = CMutableVertexBuffer.m; sourceTree = "<group>"; };
		45342F8C14A63E8500350450 /* CVertexBuffer.h */ = {isa = PBXFileReference; fileEncoding = 4; lastKnownFileType = sourcecode.c.h; path = CVertexBuffer.h; sourceTree = "<group>"; };
		45342F8D14A63E8500350450 /* CVertexBuffer.m */ = {isa = PBXFileReference; fileEncoding = 4; lastKnownFileType = sourcecode.c.objc; path = CVertexBuffer.m; sourceTree = "<group>"; };
		45342F8E14A63E8500350450 /* CVertexBufferReference.h */ = {isa = PBXFileReference; fileEncoding = 4; lastKnownFileType = sourcecode.c.h; path = CVertexBufferReference.h; sourceTree = "<group>"; };
		45342F8F14A63E8500350450 /* CVertexBufferReference.m */ = {isa = PBXFileReference; fileEncoding = 4; lastKnownFileType = sourcecode.c.objc; path = CVertexBufferReference.m; sourceTree = "<group>"; };
		45342F9014A63E8500350450 /* CVertexBufferReference_FactoryExtensions.h */ = {isa = PBXFileReference; fileEncoding = 4; lastKnownFileType = sourcecode.c.h; path = CVertexBufferReference_FactoryExtensions.h; sourceTree = "<group>"; };
		45342F9114A63E8500350450 /* CVertexBufferReference_FactoryExtensions.m */ = {isa = PBXFileReference; fileEncoding = 4; lastKnownFileType = sourcecode.c.objc; path = CVertexBufferReference_FactoryExtensions.m; sourceTree = "<group>"; };
		4534307814A63EFE00350450 /* Shaders */ = {isa = PBXFileReference; lastKnownFileType = folder; path = Shaders; sourceTree = "<group>"; };
		45781C54130AFE1E00B57285 /* SketchTest.app */ = {isa = PBXFileReference; explicitFileType = wrapper.application; includeInIndex = 0; path = SketchTest.app; sourceTree = BUILT_PRODUCTS_DIR; };
		45781C58130AFE1E00B57285 /* UIKit.framework */ = {isa = PBXFileReference; lastKnownFileType = wrapper.framework; name = UIKit.framework; path = System/Library/Frameworks/UIKit.framework; sourceTree = SDKROOT; };
		45781C5A130AFE1E00B57285 /* Foundation.framework */ = {isa = PBXFileReference; lastKnownFileType = wrapper.framework; name = Foundation.framework; path = System/Library/Frameworks/Foundation.framework; sourceTree = SDKROOT; };
		45781C5C130AFE1E00B57285 /* CoreGraphics.framework */ = {isa = PBXFileReference; lastKnownFileType = wrapper.framework; name = CoreGraphics.framework; path = System/Library/Frameworks/CoreGraphics.framework; sourceTree = SDKROOT; };
		45781C60130AFE1E00B57285 /* SketchTest-Info.plist */ = {isa = PBXFileReference; lastKnownFileType = text.plist.xml; path = "SketchTest-Info.plist"; sourceTree = "<group>"; };
		45781C62130AFE1E00B57285 /* en */ = {isa = PBXFileReference; lastKnownFileType = text.plist.strings; name = en; path = en.lproj/InfoPlist.strings; sourceTree = "<group>"; };
		45781C64130AFE1E00B57285 /* SketchTest-Prefix.pch */ = {isa = PBXFileReference; lastKnownFileType = sourcecode.c.h; path = "SketchTest-Prefix.pch"; sourceTree = "<group>"; };
		45781C65130AFE1E00B57285 /* main.m */ = {isa = PBXFileReference; lastKnownFileType = sourcecode.c.objc; path = main.m; sourceTree = "<group>"; };
		45781C6B130AFE1E00B57285 /* en */ = {isa = PBXFileReference; lastKnownFileType = file.xib; name = en; path = en.lproj/MainWindow.xib; sourceTree = "<group>"; };
		45781C6D130AFE1E00B57285 /* SketchTestViewController.h */ = {isa = PBXFileReference; lastKnownFileType = sourcecode.c.h; path = SketchTestViewController.h; sourceTree = "<group>"; };
		45781C6E130AFE1E00B57285 /* SketchTestViewController.m */ = {isa = PBXFileReference; lastKnownFileType = sourcecode.c.objc; path = SketchTestViewController.m; sourceTree = "<group>"; };
		45781C71130AFE1E00B57285 /* en */ = {isa = PBXFileReference; lastKnownFileType = file.xib; name = en; path = en.lproj/SketchTestViewController.xib; sourceTree = "<group>"; };
		45E221E8130B851D00B5CC2C /* Brush.fsh */ = {isa = PBXFileReference; fileEncoding = 4; lastKnownFileType = sourcecode.glsl; path = Brush.fsh; sourceTree = "<group>"; };
		45E221E9130B851D00B5CC2C /* Brush.vsh */ = {isa = PBXFileReference; fileEncoding = 4; lastKnownFileType = sourcecode.glsl; path = Brush.vsh; sourceTree = "<group>"; };
/* End PBXFileReference section */

/* Begin PBXFrameworksBuildPhase section */
		45781C51130AFE1E00B57285 /* Frameworks */ = {
			isa = PBXFrameworksBuildPhase;
			buildActionMask = 2147483647;
			files = (
				45781C5D130AFE1E00B57285 /* CoreGraphics.framework in Frameworks */,
				4527174C130B203700529A0C /* QuartzCore.framework in Frameworks */,
				4527174A130B202F00529A0C /* OpenGLES.framework in Frameworks */,
				45781C59130AFE1E00B57285 /* UIKit.framework in Frameworks */,
				45781C5B130AFE1E00B57285 /* Foundation.framework in Frameworks */,
			);
			runOnlyForDeploymentPostprocessing = 0;
		};
/* End PBXFrameworksBuildPhase section */

/* Begin PBXGroup section */
		4527175C130B27D600529A0C /* Shaders */ = {
			isa = PBXGroup;
			children = (
				45E221E8130B851D00B5CC2C /* Brush.fsh */,
				45E221E9130B851D00B5CC2C /* Brush.vsh */,
				4527175D130B27D600529A0C /* Flat.fsh */,
				4527175E130B27D600529A0C /* Flat.vsh */,
				45271762130B281400529A0C /* Shader.fsh */,
				45271763130B281400529A0C /* Shader.vsh */,
				4522A383130B6BA3008E0790 /* SimpleTexture.fsh */,
				4522A384130B6BA3008E0790 /* SimpleTexture.vsh */,
				4527176A130B292300529A0C /* Texture.fsh */,
				4527176B130B292300529A0C /* Texture.vsh */,
			);
			name = Shaders;
			path = ../Shaders;
			sourceTree = "<group>";
		};
		45271766130B28F300529A0C /* Test */ = {
			isa = PBXGroup;
			children = (
				45271767130B28F300529A0C /* CTestRenderer.h */,
				45271768130B28F300529A0C /* CTestRenderer.m */,
			);
			name = Test;
			path = ../Test;
			sourceTree = "<group>";
		};
		45342E2914A63E8500350450 /* TouchOpenGL */ = {
			isa = PBXGroup;
			children = (
				45342E6114A63E8500350450 /* Resources */,
				45342F3314A63E8500350450 /* Shaders */,
				45342F3714A63E8500350450 /* Source */,
			);
			name = TouchOpenGL;
			path = ../..;
			sourceTree = "<group>";
		};
		45342E6114A63E8500350450 /* Resources */ = {
			isa = PBXGroup;
			children = (
				4534307814A63EFE00350450 /* Shaders */,
			);
			path = Resources;
			sourceTree = "<group>";
		};
		45342F3314A63E8500350450 /* Shaders */ = {
			isa = PBXGroup;
			children = (
				45342F3414A63E8500350450 /* Source */,
			);
			path = Shaders;
			sourceTree = "<group>";
		};
		45342F3414A63E8500350450 /* Source */ = {
			isa = PBXGroup;
			children = (
				45342F3514A63E8500350450 /* CFlat.h */,
				45342F3614A63E8500350450 /* CFlat.m */,
			);
			path = Source;
			sourceTree = "<group>";
		};
		45342F3714A63E8500350450 /* Source */ = {
			isa = PBXGroup;
			children = (
				45342F3814A63E8500350450 /* Assets */,
				45342F4514A63E8500350450 /* Buffers */,
				45342F4C14A63E8500350450 /* CSceneRenderer.h */,
				45342F4D14A63E8500350450 /* CSceneRenderer.m */,
				45342F4E14A63E8500350450 /* CSceneRenderer_Extensions.h */,
				45342F4F14A63E8500350450 /* CSceneRenderer_Extensions.m */,
				45342F5014A63E8500350450 /* Interaction */,
				45342F5314A63E8500350450 /* Math */,
				45342F5814A63E8500350450 /* Mesh */,
				45342F6814A63E8500350450 /* OpenGLIncludes.h */,
				45342F6914A63E8500350450 /* OpenGLTypes.h */,
				45342F6A14A63E8500350450 /* OpenGLTypes.m */,
				45342F6B14A63E8500350450 /* Platform */,
				45342F7A14A63E8500350450 /* Scenes */,
				45342F7F14A63E8500350450 /* Support */,
				45342F8914A63E8500350450 /* VertexBuffers */,
			);
			path = Source;
			sourceTree = "<group>";
		};
		45342F3814A63E8500350450 /* Assets */ = {
			isa = PBXGroup;
			children = (
				45342F3914A63E8500350450 /* CLazyTexture.h */,
				45342F3A14A63E8500350450 /* CLazyTexture.m */,
				45342F3B14A63E8500350450 /* COpenGLAssetLibrary.h */,
				45342F3C14A63E8500350450 /* COpenGLAssetLibrary.m */,
				45342F3D14A63E8500350450 /* CProgram.h */,
				45342F3E14A63E8500350450 /* CProgram.m */,
				45342F3F14A63E8500350450 /* CProgram_Extensions.h */,
				45342F4014A63E8500350450 /* CProgram_Extensions.m */,
				45342F4114A63E8500350450 /* CShader.h */,
				45342F4214A63E8500350450 /* CShader.m */,
				45342F4314A63E8500350450 /* CTexture.h */,
				45342F4414A63E8500350450 /* CTexture.m */,
			);
			path = Assets;
			sourceTree = "<group>";
		};
		45342F4514A63E8500350450 /* Buffers */ = {
			isa = PBXGroup;
			children = (
				45342F4614A63E8500350450 /* CFrameBuffer.h */,
				45342F4714A63E8500350450 /* CFrameBuffer.m */,
				45342F4814A63E8500350450 /* CRenderBuffer.h */,
				45342F4914A63E8500350450 /* CRenderBuffer.m */,
				45342F4A14A63E8500350450 /* CVertexArrayBuffer.h */,
				45342F4B14A63E8500350450 /* CVertexArrayBuffer.m */,
			);
			path = Buffers;
			sourceTree = "<group>";
		};
		45342F5014A63E8500350450 /* Interaction */ = {
			isa = PBXGroup;
			children = (
				45342F5114A63E8500350450 /* CArcBall.h */,
				45342F5214A63E8500350450 /* CArcBall.m */,
			);
			path = Interaction;
			sourceTree = "<group>";
		};
		45342F5314A63E8500350450 /* Math */ = {
			isa = PBXGroup;
			children = (
				45342F5414A63E8500350450 /* Matrix.h */,
				45342F5514A63E8500350450 /* Matrix.m */,
				45342F5614A63E8500350450 /* Quaternion.h */,
				45342F5714A63E8500350450 /* Quaternion.m */,
			);
			path = Math;
			sourceTree = "<group>";
		};
		45342F5814A63E8500350450 /* Mesh */ = {
			isa = PBXGroup;
			children = (
				45342F5914A63E8500350450 /* CGeometry.h */,
				45342F5A14A63E8500350450 /* CGeometry.m */,
				45342F5B14A63E8500350450 /* CGeometryRenderer.h */,
				45342F5C14A63E8500350450 /* CGeometryRenderer.m */,
				45342F5D14A63E8500350450 /* CMaterial.h */,
				45342F5E14A63E8500350450 /* CMaterial.m */,
				45342F5F14A63E8500350450 /* CMesh.h */,
				45342F6014A63E8500350450 /* CMesh.m */,
				45342F6114A63E8500350450 /* CMeshLoader.h */,
				45342F6214A63E8500350450 /* CMeshLoader.m */,
				45342F6314A63E8500350450 /* OBJ */,
			);
			path = Mesh;
			sourceTree = "<group>";
		};
		45342F6314A63E8500350450 /* OBJ */ = {
			isa = PBXGroup;
			children = (
				45342F6414A63E8500350450 /* CMTLParser.h */,
				45342F6514A63E8500350450 /* CMTLParser.m */,
				45342F6614A63E8500350450 /* COBJParser.h */,
				45342F6714A63E8500350450 /* COBJParser.m */,
			);
			path = OBJ;
			sourceTree = "<group>";
		};
		45342F6B14A63E8500350450 /* Platform */ = {
			isa = PBXGroup;
			children = (
				45342F6C14A63E8500350450 /* iOS */,
			);
			path = Platform;
			sourceTree = "<group>";
		};
		45342F6C14A63E8500350450 /* iOS */ = {
			isa = PBXGroup;
			children = (
				45342F6D14A63E8500350450 /* CInteractiveRendererView.h */,
				45342F6E14A63E8500350450 /* CInteractiveRendererView.m */,
				45342F6F14A63E8500350450 /* CRendererView.h */,
				45342F7014A63E8500350450 /* CRendererView.m */,
				45342F7114A63E8500350450 /* UIColor_OpenGLExtensions.h */,
				45342F7214A63E8500350450 /* UIColor_OpenGLExtensions.m */,
			);
			path = iOS;
			sourceTree = "<group>";
		};
		45342F7A14A63E8500350450 /* Scenes */ = {
			isa = PBXGroup;
			children = (
				45342F7B14A63E8500350450 /* CCamera.h */,
				45342F7C14A63E8500350450 /* CCamera.m */,
				45342F7D14A63E8500350450 /* CLight.h */,
				45342F7E14A63E8500350450 /* CLight.m */,
			);
			path = Scenes;
			sourceTree = "<group>";
		};
		45342F7F14A63E8500350450 /* Support */ = {
			isa = PBXGroup;
			children = (
				45342F8014A63E8500350450 /* CGeometry_PropertyListExtensions.h */,
				45342F8114A63E8500350450 /* CGeometry_PropertyListExtensions.m */,
				45342F8214A63E8500350450 /* CMesh_PropertyListExtensions.h */,
				45342F8314A63E8500350450 /* CMesh_PropertyListExtensions.m */,
				45342F8414A63E8500350450 /* CPropertyListRepresentation.h */,
				45342F8514A63E8500350450 /* CVertexBuffer_PropertyListRepresentation.h */,
				45342F8614A63E8500350450 /* CVertexBuffer_PropertyListRepresentation.m */,
				45342F8714A63E8500350450 /* NSData_NumberExtensions.h */,
				45342F8814A63E8500350450 /* NSData_NumberExtensions.m */,
			);
			path = Support;
			sourceTree = "<group>";
		};
		45342F8914A63E8500350450 /* VertexBuffers */ = {
			isa = PBXGroup;
			children = (
				45342F8A14A63E8500350450 /* CMutableVertexBuffer.h */,
				45342F8B14A63E8500350450 /* CMutableVertexBuffer.m */,
				45342F8C14A63E8500350450 /* CVertexBuffer.h */,
				45342F8D14A63E8500350450 /* CVertexBuffer.m */,
				45342F8E14A63E8500350450 /* CVertexBufferReference.h */,
				45342F8F14A63E8500350450 /* CVertexBufferReference.m */,
				45342F9014A63E8500350450 /* CVertexBufferReference_FactoryExtensions.h */,
				45342F9114A63E8500350450 /* CVertexBufferReference_FactoryExtensions.m */,
			);
			path = VertexBuffers;
			sourceTree = "<group>";
		};
		45781C49130AFE1E00B57285 = {
			isa = PBXGroup;
			children = (
				45781C5E130AFE1E00B57285 /* SketchTest */,
				4527175C130B27D600529A0C /* Shaders */,
				45271766130B28F300529A0C /* Test */,
				45342E2914A63E8500350450 /* TouchOpenGL */,
				45781C57130AFE1E00B57285 /* Frameworks */,
				45781C55130AFE1E00B57285 /* Products */,
			);
			sourceTree = "<group>";
		};
		45781C55130AFE1E00B57285 /* Products */ = {
			isa = PBXGroup;
			children = (
				45781C54130AFE1E00B57285 /* SketchTest.app */,
			);
			name = Products;
			sourceTree = "<group>";
		};
		45781C57130AFE1E00B57285 /* Frameworks */ = {
			isa = PBXGroup;
			children = (
				4527175A130B247700529A0C /* CoreGraphics.framework */,
				4527174B130B203700529A0C /* QuartzCore.framework */,
				45271749130B202F00529A0C /* OpenGLES.framework */,
				45781C58130AFE1E00B57285 /* UIKit.framework */,
				45781C5A130AFE1E00B57285 /* Foundation.framework */,
				45781C5C130AFE1E00B57285 /* CoreGraphics.framework */,
			);
			name = Frameworks;
			sourceTree = "<group>";
		};
		45781C5E130AFE1E00B57285 /* SketchTest */ = {
			isa = PBXGroup;
			children = (
				45781C5F130AFE1E00B57285 /* Supporting Files */,
				45781C6A130AFE1E00B57285 /* MainWindow.xib */,
				45781C6D130AFE1E00B57285 /* SketchTestViewController.h */,
				45781C6E130AFE1E00B57285 /* SketchTestViewController.m */,
				45781C70130AFE1E00B57285 /* SketchTestViewController.xib */,
				4522A37D130B64B7008E0790 /* CSketchRenderer.h */,
				4522A37E130B64B7008E0790 /* CSketchRenderer.m */,
				4522A379130B6373008E0790 /* CSketchView.h */,
				4522A37A130B6373008E0790 /* CSketchView.m */,
				4522A380130B6599008E0790 /* CImageRenderer.h */,
				4522A381130B6599008E0790 /* CImageRenderer.m */,
				4522A387130B792F008E0790 /* CSketchCanvas.h */,
				4522A388130B792F008E0790 /* CSketchCanvas.m */,
			);
			path = SketchTest;
			sourceTree = "<group>";
		};
		45781C5F130AFE1E00B57285 /* Supporting Files */ = {
			isa = PBXGroup;
			children = (
				45781C60130AFE1E00B57285 /* SketchTest-Info.plist */,
				45781C61130AFE1E00B57285 /* InfoPlist.strings */,
				45781C64130AFE1E00B57285 /* SketchTest-Prefix.pch */,
				45781C65130AFE1E00B57285 /* main.m */,
			);
			name = "Supporting Files";
			sourceTree = "<group>";
		};
/* End PBXGroup section */

/* Begin PBXNativeTarget section */
		45781C53130AFE1E00B57285 /* SketchTest */ = {
			isa = PBXNativeTarget;
			buildConfigurationList = 45781C75130AFE1E00B57285 /* Build configuration list for PBXNativeTarget "SketchTest" */;
			buildPhases = (
				45781C50130AFE1E00B57285 /* Sources */,
				45781C51130AFE1E00B57285 /* Frameworks */,
				45781C52130AFE1E00B57285 /* Resources */,
			);
			buildRules = (
			);
			dependencies = (
			);
			name = SketchTest;
			productName = SketchTest;
			productReference = 45781C54130AFE1E00B57285 /* SketchTest.app */;
			productType = "com.apple.product-type.application";
		};
/* End PBXNativeTarget section */

/* Begin PBXProject section */
		45781C4B130AFE1E00B57285 /* Project object */ = {
			isa = PBXProject;
			attributes = {
				ORGANIZATIONNAME = toxicsoftware.com;
			};
			buildConfigurationList = 45781C4E130AFE1E00B57285 /* Build configuration list for PBXProject "SketchTest" */;
			compatibilityVersion = "Xcode 3.2";
			developmentRegion = English;
			hasScannedForEncodings = 0;
			knownRegions = (
				en,
			);
			mainGroup = 45781C49130AFE1E00B57285;
			productRefGroup = 45781C55130AFE1E00B57285 /* Products */;
			projectDirPath = "";
			projectRoot = "";
			targets = (
				45781C53130AFE1E00B57285 /* SketchTest */,
			);
		};
/* End PBXProject section */

/* Begin PBXResourcesBuildPhase section */
		45781C52130AFE1E00B57285 /* Resources */ = {
			isa = PBXResourcesBuildPhase;
			buildActionMask = 2147483647;
			files = (
				45E221EA130B851D00B5CC2C /* Brush.fsh in Resources */,
				45E221EB130B851D00B5CC2C /* Brush.vsh in Resources */,
				4522A385130B6BA3008E0790 /* SimpleTexture.fsh in Resources */,
				4522A386130B6BA3008E0790 /* SimpleTexture.vsh in Resources */,
				4527176C130B292300529A0C /* Texture.fsh in Resources */,
				4527176D130B292300529A0C /* Texture.vsh in Resources */,
				45271760130B27D700529A0C /* Flat.fsh in Resources */,
				45271761130B27D700529A0C /* Flat.vsh in Resources */,
				45271764130B281400529A0C /* Shader.fsh in Resources */,
				45271765130B281400529A0C /* Shader.vsh in Resources */,
				45781C63130AFE1E00B57285 /* InfoPlist.strings in Resources */,
				45781C6C130AFE1E00B57285 /* MainWindow.xib in Resources */,
				45781C72130AFE1E00B57285 /* SketchTestViewController.xib in Resources */,
				4534307914A63EFE00350450 /* Shaders in Resources */,
			);
			runOnlyForDeploymentPostprocessing = 0;
		};
/* End PBXResourcesBuildPhase section */

/* Begin PBXSourcesBuildPhase section */
		45781C50130AFE1E00B57285 /* Sources */ = {
			isa = PBXSourcesBuildPhase;
			buildActionMask = 2147483647;
			files = (
				45781C66130AFE1E00B57285 /* main.m in Sources */,
				45781C6F130AFE1E00B57285 /* SketchTestViewController.m in Sources */,
				45271769130B28F300529A0C /* CTestRenderer.m in Sources */,
				4522A37B130B6373008E0790 /* CSketchView.m in Sources */,
				4522A37F130B64B8008E0790 /* CSketchRenderer.m in Sources */,
				4522A382130B659A008E0790 /* CImageRenderer.m in Sources */,
				4522A389130B7931008E0790 /* CSketchCanvas.m in Sources */,
				4534304414A63E8600350450 /* CFlat.m in Sources */,
				4534304514A63E8600350450 /* CLazyTexture.m in Sources */,
				4534304614A63E8600350450 /* COpenGLAssetLibrary.m in Sources */,
				4534304714A63E8600350450 /* CProgram.m in Sources */,
				4534304814A63E8600350450 /* CProgram_Extensions.m in Sources */,
				4534304914A63E8600350450 /* CShader.m in Sources */,
				4534304A14A63E8600350450 /* CTexture.m in Sources */,
				4534304B14A63E8600350450 /* CFrameBuffer.m in Sources */,
				4534304C14A63E8600350450 /* CRenderBuffer.m in Sources */,
				4534304D14A63E8600350450 /* CVertexArrayBuffer.m in Sources */,
				4534304E14A63E8600350450 /* CSceneRenderer.m in Sources */,
				4534304F14A63E8600350450 /* CSceneRenderer_Extensions.m in Sources */,
				4534305014A63E8600350450 /* CArcBall.m in Sources */,
				4534305114A63E8600350450 /* Matrix.m in Sources */,
				4534305214A63E8600350450 /* Quaternion.m in Sources */,
				4534305314A63E8600350450 /* CGeometry.m in Sources */,
				4534305414A63E8600350450 /* CGeometryRenderer.m in Sources */,
				4534305514A63E8600350450 /* CMaterial.m in Sources */,
				4534305614A63E8600350450 /* CMesh.m in Sources */,
				4534305714A63E8600350450 /* CMeshLoader.m in Sources */,
				4534305814A63E8600350450 /* CMTLParser.m in Sources */,
				4534305914A63E8600350450 /* COBJParser.m in Sources */,
				4534305A14A63E8600350450 /* OpenGLTypes.m in Sources */,
				4534305B14A63E8600350450 /* CInteractiveRendererView.m in Sources */,
				4534305C14A63E8600350450 /* CRendererView.m in Sources */,
				4534305D14A63E8600350450 /* UIColor_OpenGLExtensions.m in Sources */,
				4534306114A63E8600350450 /* CCamera.m in Sources */,
				4534306214A63E8600350450 /* CLight.m in Sources */,
				4534306314A63E8600350450 /* CGeometry_PropertyListExtensions.m in Sources */,
				4534306414A63E8600350450 /* CMesh_PropertyListExtensions.m in Sources */,
				4534306514A63E8600350450 /* CVertexBuffer_PropertyListRepresentation.m in Sources */,
				4534306614A63E8600350450 /* NSData_NumberExtensions.m in Sources */,
				4534306714A63E8600350450 /* CMutableVertexBuffer.m in Sources */,
				4534306814A63E8600350450 /* CVertexBuffer.m in Sources */,
				4534306914A63E8600350450 /* CVertexBufferReference.m in Sources */,
				4534306A14A63E8600350450 /* CVertexBufferReference_FactoryExtensions.m in Sources */,
			);
			runOnlyForDeploymentPostprocessing = 0;
		};
/* End PBXSourcesBuildPhase section */

/* Begin PBXVariantGroup section */
		45781C61130AFE1E00B57285 /* InfoPlist.strings */ = {
			isa = PBXVariantGroup;
			children = (
				45781C62130AFE1E00B57285 /* en */,
			);
			name = InfoPlist.strings;
			sourceTree = "<group>";
		};
		45781C6A130AFE1E00B57285 /* MainWindow.xib */ = {
			isa = PBXVariantGroup;
			children = (
				45781C6B130AFE1E00B57285 /* en */,
			);
			name = MainWindow.xib;
			sourceTree = "<group>";
		};
		45781C70130AFE1E00B57285 /* SketchTestViewController.xib */ = {
			isa = PBXVariantGroup;
			children = (
				45781C71130AFE1E00B57285 /* en */,
			);
			name = SketchTestViewController.xib;
			sourceTree = "<group>";
		};
/* End PBXVariantGroup section */

/* Begin XCBuildConfiguration section */
		45781C73130AFE1E00B57285 /* Debug */ = {
			isa = XCBuildConfiguration;
			buildSettings = {
				ARCHS = "$(ARCHS_UNIVERSAL_IPHONE_OS)";
				"CODE_SIGN_IDENTITY[sdk=iphoneos*]" = "iPhone Developer";
				GCC_C_LANGUAGE_STANDARD = gnu99;
				GCC_OPTIMIZATION_LEVEL = 0;
				GCC_PREPROCESSOR_DEFINITIONS = DEBUG;
				GCC_VERSION = com.apple.compilers.llvmgcc42;
				GCC_WARN_ABOUT_RETURN_TYPE = YES;
				GCC_WARN_UNUSED_VARIABLE = YES;
				IPHONEOS_DEPLOYMENT_TARGET = 4.2;
				SDKROOT = iphoneos;
				TARGETED_DEVICE_FAMILY = 2;
			};
			name = Debug;
		};
		45781C74130AFE1E00B57285 /* Release */ = {
			isa = XCBuildConfiguration;
			buildSettings = {
				ARCHS = "$(ARCHS_UNIVERSAL_IPHONE_OS)";
				"CODE_SIGN_IDENTITY[sdk=iphoneos*]" = "iPhone Developer";
				GCC_C_LANGUAGE_STANDARD = gnu99;
				GCC_VERSION = com.apple.compilers.llvmgcc42;
				GCC_WARN_ABOUT_RETURN_TYPE = YES;
				GCC_WARN_UNUSED_VARIABLE = YES;
				IPHONEOS_DEPLOYMENT_TARGET = 4.2;
				OTHER_CFLAGS = "-DNS_BLOCK_ASSERTIONS=1";
				SDKROOT = iphoneos;
				TARGETED_DEVICE_FAMILY = 2;
			};
			name = Release;
		};
		45781C76130AFE1E00B57285 /* Debug */ = {
			isa = XCBuildConfiguration;
			buildSettings = {
				ALWAYS_SEARCH_USER_PATHS = NO;
				CLANG_ENABLE_OBJC_ARC = YES;
				COPY_PHASE_STRIP = NO;
				GCC_DYNAMIC_NO_PIC = NO;
				GCC_PRECOMPILE_PREFIX_HEADER = YES;
				GCC_PREFIX_HEADER = "SketchTest/SketchTest-Prefix.pch";
				GCC_VERSION = com.apple.compilers.llvm.clang.1_0;
				INFOPLIST_FILE = "SketchTest/SketchTest-Info.plist";
				INSTALL_PATH = "$(LOCAL_APPS_DIR)";
				PRODUCT_NAME = "$(TARGET_NAME)";
				WRAPPER_EXTENSION = app;
			};
			name = Debug;
		};
		45781C77130AFE1E00B57285 /* Release */ = {
			isa = XCBuildConfiguration;
			buildSettings = {
				ALWAYS_SEARCH_USER_PATHS = NO;
				CLANG_ENABLE_OBJC_ARC = YES;
				COPY_PHASE_STRIP = YES;
				GCC_PRECOMPILE_PREFIX_HEADER = YES;
				GCC_PREFIX_HEADER = "SketchTest/SketchTest-Prefix.pch";
				GCC_VERSION = com.apple.compilers.llvm.clang.1_0;
				INFOPLIST_FILE = "SketchTest/SketchTest-Info.plist";
				INSTALL_PATH = "$(LOCAL_APPS_DIR)";
				PRODUCT_NAME = "$(TARGET_NAME)";
				VALIDATE_PRODUCT = YES;
				WRAPPER_EXTENSION = app;
			};
			name = Release;
		};
/* End XCBuildConfiguration section */

/* Begin XCConfigurationList section */
		45781C4E130AFE1E00B57285 /* Build configuration list for PBXProject "SketchTest" */ = {
			isa = XCConfigurationList;
			buildConfigurations = (
				45781C73130AFE1E00B57285 /* Debug */,
				45781C74130AFE1E00B57285 /* Release */,
			);
			defaultConfigurationIsVisible = 0;
			defaultConfigurationName = Release;
		};
		45781C75130AFE1E00B57285 /* Build configuration list for PBXNativeTarget "SketchTest" */ = {
			isa = XCConfigurationList;
			buildConfigurations = (
				45781C76130AFE1E00B57285 /* Debug */,
				45781C77130AFE1E00B57285 /* Release */,
			);
			defaultConfigurationIsVisible = 0;
			defaultConfigurationName = Release;
		};
/* End XCConfigurationList section */
	};
	rootObject = 45781C4B130AFE1E00B57285 /* Project object */;
}
