// !$*UTF8*$!
{
	archiveVersion = 1;
	classes = {
	};
	objectVersion = 46;
	objects = {

/* Begin PBXBuildFile section */
		4527174A130B202F00529A0C /* OpenGLES.framework in Frameworks */ = {isa = PBXBuildFile; fileRef = 45271749130B202F00529A0C /* OpenGLES.framework */; };
		4527174C130B203700529A0C /* QuartzCore.framework in Frameworks */ = {isa = PBXBuildFile; fileRef = 4527174B130B203700529A0C /* QuartzCore.framework */; };
		4529966C130B8D6A009FD0A3 /* CModelViewController.m in Sources */ = {isa = PBXBuildFile; fileRef = 45299664130B8D6A009FD0A3 /* CModelViewController.m */; };
		4529966E130B8D6A009FD0A3 /* main.m in Sources */ = {isa = PBXBuildFile; fileRef = 45299666130B8D6A009FD0A3 /* main.m */; };
		4529966F130B8D6A009FD0A3 /* MainWindow.xib in Resources */ = {isa = PBXBuildFile; fileRef = 45299667130B8D6A009FD0A3 /* MainWindow.xib */; };
		456369B51356741A00E5A1E9 /* Models in Resources */ = {isa = PBXBuildFile; fileRef = 456369B41356741A00E5A1E9 /* Models */; };
		456369BC135676C500E5A1E9 /* 02edc2837b569ac33d0709b313061e04.vbo in Resources */ = {isa = PBXBuildFile; fileRef = 456369B9135676C500E5A1E9 /* 02edc2837b569ac33d0709b313061e04.vbo */; };
		456369BD135676C500E5A1E9 /* 85e7e43146bc76295d4a9b25ccef50d7.vbo in Resources */ = {isa = PBXBuildFile; fileRef = 456369BA135676C500E5A1E9 /* 85e7e43146bc76295d4a9b25ccef50d7.vbo */; };
		456369BE135676C500E5A1E9 /* teapot.model.plist in Resources */ = {isa = PBXBuildFile; fileRef = 456369BB135676C500E5A1E9 /* teapot.model.plist */; };
		45781C59130AFE1E00B57285 /* UIKit.framework in Frameworks */ = {isa = PBXBuildFile; fileRef = 45781C58130AFE1E00B57285 /* UIKit.framework */; };
		45781C5B130AFE1E00B57285 /* Foundation.framework in Frameworks */ = {isa = PBXBuildFile; fileRef = 45781C5A130AFE1E00B57285 /* Foundation.framework */; };
		45781C5D130AFE1E00B57285 /* CoreGraphics.framework in Frameworks */ = {isa = PBXBuildFile; fileRef = 45781C5C130AFE1E00B57285 /* CoreGraphics.framework */; };
		457D9C8A133D23DB00F576A3 /* UIKit.framework in Frameworks */ = {isa = PBXBuildFile; fileRef = 45781C58130AFE1E00B57285 /* UIKit.framework */; };
		457D9C8B133D23DB00F576A3 /* Foundation.framework in Frameworks */ = {isa = PBXBuildFile; fileRef = 45781C5A130AFE1E00B57285 /* Foundation.framework */; };
		457D9C8C133D23DB00F576A3 /* CoreGraphics.framework in Frameworks */ = {isa = PBXBuildFile; fileRef = 4527175A130B247700529A0C /* CoreGraphics.framework */; };
		457D9C92133D23DB00F576A3 /* InfoPlist.strings in Resources */ = {isa = PBXBuildFile; fileRef = 457D9C90133D23DB00F576A3 /* InfoPlist.strings */; };
		457D9C95133D23DB00F576A3 /* Unit_Tests.h in Resources */ = {isa = PBXBuildFile; fileRef = 457D9C94133D23DB00F576A3 /* Unit_Tests.h */; };
		457D9C97133D23DB00F576A3 /* Unit_Tests.m in Sources */ = {isa = PBXBuildFile; fileRef = 457D9C96133D23DB00F576A3 /* Unit_Tests.m */; };
		459CFBA61332E48800B16315 /* CoreMotion.framework in Frameworks */ = {isa = PBXBuildFile; fileRef = 459CFBA51332E48800B16315 /* CoreMotion.framework */; };
		459DEC4C141D359300C62479 /* CLazyTexture.m in Sources */ = {isa = PBXBuildFile; fileRef = 459DEB67141D359300C62479 /* CLazyTexture.m */; };
		459DEC4D141D359300C62479 /* COpenGLAssetLibrary.m in Sources */ = {isa = PBXBuildFile; fileRef = 459DEB69141D359300C62479 /* COpenGLAssetLibrary.m */; };
		459DEC4E141D359300C62479 /* CProgram.m in Sources */ = {isa = PBXBuildFile; fileRef = 459DEB6B141D359300C62479 /* CProgram.m */; };
		459DEC4F141D359300C62479 /* CProgram_Extensions.m in Sources */ = {isa = PBXBuildFile; fileRef = 459DEB6D141D359300C62479 /* CProgram_Extensions.m */; };
		459DEC50141D359300C62479 /* CShader.m in Sources */ = {isa = PBXBuildFile; fileRef = 459DEB6F141D359300C62479 /* CShader.m */; };
		459DEC51141D359300C62479 /* CTexture.m in Sources */ = {isa = PBXBuildFile; fileRef = 459DEB71141D359300C62479 /* CTexture.m */; };
		459DEC52141D359300C62479 /* CFrameBuffer.m in Sources */ = {isa = PBXBuildFile; fileRef = 459DEB74141D359300C62479 /* CFrameBuffer.m */; };
		459DEC53141D359300C62479 /* CRenderBuffer.m in Sources */ = {isa = PBXBuildFile; fileRef = 459DEB76141D359300C62479 /* CRenderBuffer.m */; };
		459DEC54141D359300C62479 /* CVertexArrayBuffer.m in Sources */ = {isa = PBXBuildFile; fileRef = 459DEB78141D359300C62479 /* CVertexArrayBuffer.m */; };
		459DEC55141D359300C62479 /* CSceneRenderer.m in Sources */ = {isa = PBXBuildFile; fileRef = 459DEB7A141D359300C62479 /* CSceneRenderer.m */; };
		459DEC56141D359300C62479 /* CSceneRenderer_Extensions.m in Sources */ = {isa = PBXBuildFile; fileRef = 459DEB7C141D359300C62479 /* CSceneRenderer_Extensions.m */; };
		459DEC57141D359300C62479 /* CArcBall.m in Sources */ = {isa = PBXBuildFile; fileRef = 459DEB7F141D359300C62479 /* CArcBall.m */; };
		459DEC58141D359300C62479 /* Matrix.m in Sources */ = {isa = PBXBuildFile; fileRef = 459DEB82141D359300C62479 /* Matrix.m */; };
		459DEC59141D359300C62479 /* Quaternion.m in Sources */ = {isa = PBXBuildFile; fileRef = 459DEB84141D359300C62479 /* Quaternion.m */; };
		459DEC5A141D359300C62479 /* CGeometry.m in Sources */ = {isa = PBXBuildFile; fileRef = 459DEB87141D359300C62479 /* CGeometry.m */; };
		459DEC5B141D359300C62479 /* CGeometryRenderer.m in Sources */ = {isa = PBXBuildFile; fileRef = 459DEB89141D359300C62479 /* CGeometryRenderer.m */; };
		459DEC5C141D359300C62479 /* CMaterial.m in Sources */ = {isa = PBXBuildFile; fileRef = 459DEB8B141D359300C62479 /* CMaterial.m */; };
		459DEC5D141D359300C62479 /* CMesh.m in Sources */ = {isa = PBXBuildFile; fileRef = 459DEB8D141D359300C62479 /* CMesh.m */; };
		459DEC5E141D359300C62479 /* CMeshLoader.m in Sources */ = {isa = PBXBuildFile; fileRef = 459DEB8F141D359300C62479 /* CMeshLoader.m */; };
		459DEC5F141D359300C62479 /* CMTLParser.m in Sources */ = {isa = PBXBuildFile; fileRef = 459DEB92141D359300C62479 /* CMTLParser.m */; };
		459DEC60141D359300C62479 /* COBJParser.m in Sources */ = {isa = PBXBuildFile; fileRef = 459DEB94141D359300C62479 /* COBJParser.m */; };
		459DEC61141D359300C62479 /* OpenGLTypes.m in Sources */ = {isa = PBXBuildFile; fileRef = 459DEB97141D359300C62479 /* OpenGLTypes.m */; };
		459DEC62141D359300C62479 /* CInteractiveRendererView.m in Sources */ = {isa = PBXBuildFile; fileRef = 459DEB9B141D359300C62479 /* CInteractiveRendererView.m */; };
		459DEC64141D359300C62479 /* CRendererView.m in Sources */ = {isa = PBXBuildFile; fileRef = 459DEB9F141D359300C62479 /* CRendererView.m */; };
		459DEC65141D359300C62479 /* UIColor_OpenGLExtensions.m in Sources */ = {isa = PBXBuildFile; fileRef = 459DEBA1141D359300C62479 /* UIColor_OpenGLExtensions.m */; };
		459DEC69141D359300C62479 /* CCamera.m in Sources */ = {isa = PBXBuildFile; fileRef = 459DEBAB141D359300C62479 /* CCamera.m */; };
		459DEC6A141D359300C62479 /* CLight.m in Sources */ = {isa = PBXBuildFile; fileRef = 459DEBAD141D359300C62479 /* CLight.m */; };
		459DEC6B141D359300C62479 /* CGeometry_PropertyListExtensions.m in Sources */ = {isa = PBXBuildFile; fileRef = 459DEBB0141D359300C62479 /* CGeometry_PropertyListExtensions.m */; };
		459DEC6C141D359300C62479 /* CMesh_PropertyListExtensions.m in Sources */ = {isa = PBXBuildFile; fileRef = 459DEBB2141D359300C62479 /* CMesh_PropertyListExtensions.m */; };
		459DEC6D141D359300C62479 /* CVertexBuffer_PropertyListRepresentation.m in Sources */ = {isa = PBXBuildFile; fileRef = 459DEBB5141D359300C62479 /* CVertexBuffer_PropertyListRepresentation.m */; };
		459DEC6E141D359300C62479 /* NSData_NumberExtensions.m in Sources */ = {isa = PBXBuildFile; fileRef = 459DEBB7141D359300C62479 /* NSData_NumberExtensions.m */; };
		459DEC6F141D359300C62479 /* CMutableVertexBuffer.m in Sources */ = {isa = PBXBuildFile; fileRef = 459DEBBA141D359300C62479 /* CMutableVertexBuffer.m */; };
		459DEC70141D359300C62479 /* CVertexBuffer.m in Sources */ = {isa = PBXBuildFile; fileRef = 459DEBBC141D359300C62479 /* CVertexBuffer.m */; };
		459DEC71141D359300C62479 /* CVertexBuffer_FactoryExtensions.m in Sources */ = {isa = PBXBuildFile; fileRef = 459DEBBE141D359300C62479 /* CVertexBuffer_FactoryExtensions.m */; };
		459DEC72141D359300C62479 /* CVertexBufferReference.m in Sources */ = {isa = PBXBuildFile; fileRef = 459DEBC0141D359300C62479 /* CVertexBufferReference.m */; };
		459DEC7A141D35B100C62479 /* Shaders in Resources */ = {isa = PBXBuildFile; fileRef = 459DEC79141D35B100C62479 /* Shaders */; };
/* End PBXBuildFile section */

/* Begin PBXFileReference section */
		45271749130B202F00529A0C /* OpenGLES.framework */ = {isa = PBXFileReference; lastKnownFileType = wrapper.framework; name = OpenGLES.framework; path = System/Library/Frameworks/OpenGLES.framework; sourceTree = SDKROOT; };
		4527174B130B203700529A0C /* QuartzCore.framework */ = {isa = PBXFileReference; lastKnownFileType = wrapper.framework; name = QuartzCore.framework; path = System/Library/Frameworks/QuartzCore.framework; sourceTree = SDKROOT; };
		4527175A130B247700529A0C /* CoreGraphics.framework */ = {isa = PBXFileReference; lastKnownFileType = wrapper.framework; name = CoreGraphics.framework; path = System/Library/Frameworks/CoreGraphics.framework; sourceTree = SDKROOT; };
		45299663130B8D6A009FD0A3 /* CModelViewController.h */ = {isa = PBXFileReference; fileEncoding = 4; lastKnownFileType = sourcecode.c.h; path = CModelViewController.h; sourceTree = "<group>"; };
		45299664130B8D6A009FD0A3 /* CModelViewController.m */ = {isa = PBXFileReference; fileEncoding = 4; lastKnownFileType = sourcecode.c.objc; path = CModelViewController.m; sourceTree = "<group>"; };
		45299665130B8D6A009FD0A3 /* Info.plist */ = {isa = PBXFileReference; fileEncoding = 4; lastKnownFileType = text.plist.xml; path = Info.plist; sourceTree = "<group>"; };
		45299666130B8D6A009FD0A3 /* main.m */ = {isa = PBXFileReference; fileEncoding = 4; lastKnownFileType = sourcecode.c.objc; path = main.m; sourceTree = "<group>"; };
		45299667130B8D6A009FD0A3 /* MainWindow.xib */ = {isa = PBXFileReference; fileEncoding = 4; lastKnownFileType = file.xib; path = MainWindow.xib; sourceTree = "<group>"; };
		45299668130B8D6A009FD0A3 /* Prefix.pch */ = {isa = PBXFileReference; fileEncoding = 4; lastKnownFileType = sourcecode.c.h; path = Prefix.pch; sourceTree = "<group>"; };
		456369B41356741A00E5A1E9 /* Models */ = {isa = PBXFileReference; lastKnownFileType = folder; path = Models; sourceTree = "<group>"; };
		456369B9135676C500E5A1E9 /* 02edc2837b569ac33d0709b313061e04.vbo */ = {isa = PBXFileReference; lastKnownFileType = file; path = 02edc2837b569ac33d0709b313061e04.vbo; sourceTree = "<group>"; };
		456369BA135676C500E5A1E9 /* 85e7e43146bc76295d4a9b25ccef50d7.vbo */ = {isa = PBXFileReference; lastKnownFileType = file; path = 85e7e43146bc76295d4a9b25ccef50d7.vbo; sourceTree = "<group>"; };
		456369BB135676C500E5A1E9 /* teapot.model.plist */ = {isa = PBXFileReference; lastKnownFileType = file.bplist; path = teapot.model.plist; sourceTree = "<group>"; };
		45781C54130AFE1E00B57285 /* ModelViewer.app */ = {isa = PBXFileReference; explicitFileType = wrapper.application; includeInIndex = 0; path = ModelViewer.app; sourceTree = BUILT_PRODUCTS_DIR; };
		45781C58130AFE1E00B57285 /* UIKit.framework */ = {isa = PBXFileReference; lastKnownFileType = wrapper.framework; name = UIKit.framework; path = System/Library/Frameworks/UIKit.framework; sourceTree = SDKROOT; };
		45781C5A130AFE1E00B57285 /* Foundation.framework */ = {isa = PBXFileReference; lastKnownFileType = wrapper.framework; name = Foundation.framework; path = System/Library/Frameworks/Foundation.framework; sourceTree = SDKROOT; };
		45781C5C130AFE1E00B57285 /* CoreGraphics.framework */ = {isa = PBXFileReference; lastKnownFileType = wrapper.framework; name = CoreGraphics.framework; path = System/Library/Frameworks/CoreGraphics.framework; sourceTree = SDKROOT; };
		457D9C89133D23DB00F576A3 /* Unit Tests.octest */ = {isa = PBXFileReference; explicitFileType = wrapper.cfbundle; includeInIndex = 0; path = "Unit Tests.octest"; sourceTree = BUILT_PRODUCTS_DIR; };
		457D9C8F133D23DB00F576A3 /* Unit Tests-Info.plist */ = {isa = PBXFileReference; lastKnownFileType = text.plist.xml; path = "Unit Tests-Info.plist"; sourceTree = "<group>"; };
		457D9C91133D23DB00F576A3 /* en */ = {isa = PBXFileReference; lastKnownFileType = text.plist.strings; name = en; path = en.lproj/InfoPlist.strings; sourceTree = "<group>"; };
		457D9C93133D23DB00F576A3 /* Unit Tests-Prefix.pch */ = {isa = PBXFileReference; lastKnownFileType = sourcecode.c.h; path = "Unit Tests-Prefix.pch"; sourceTree = "<group>"; };
		457D9C94133D23DB00F576A3 /* Unit_Tests.h */ = {isa = PBXFileReference; lastKnownFileType = sourcecode.c.h; path = Unit_Tests.h; sourceTree = "<group>"; };
		457D9C96133D23DB00F576A3 /* Unit_Tests.m */ = {isa = PBXFileReference; lastKnownFileType = sourcecode.c.objc; path = Unit_Tests.m; sourceTree = "<group>"; };
		459CFBA51332E48800B16315 /* CoreMotion.framework */ = {isa = PBXFileReference; lastKnownFileType = wrapper.framework; name = CoreMotion.framework; path = System/Library/Frameworks/CoreMotion.framework; sourceTree = SDKROOT; };
		459DEB66141D359300C62479 /* CLazyTexture.h */ = {isa = PBXFileReference; fileEncoding = 4; lastKnownFileType = sourcecode.c.h; path = CLazyTexture.h; sourceTree = "<group>"; };
		459DEB67141D359300C62479 /* CLazyTexture.m */ = {isa = PBXFileReference; fileEncoding = 4; lastKnownFileType = sourcecode.c.objc; path = CLazyTexture.m; sourceTree = "<group>"; };
		459DEB68141D359300C62479 /* COpenGLAssetLibrary.h */ = {isa = PBXFileReference; fileEncoding = 4; lastKnownFileType = sourcecode.c.h; path = COpenGLAssetLibrary.h; sourceTree = "<group>"; };
		459DEB69141D359300C62479 /* COpenGLAssetLibrary.m */ = {isa = PBXFileReference; fileEncoding = 4; lastKnownFileType = sourcecode.c.objc; path = COpenGLAssetLibrary.m; sourceTree = "<group>"; };
		459DEB6A141D359300C62479 /* CProgram.h */ = {isa = PBXFileReference; fileEncoding = 4; lastKnownFileType = sourcecode.c.h; path = CProgram.h; sourceTree = "<group>"; };
		459DEB6B141D359300C62479 /* CProgram.m */ = {isa = PBXFileReference; fileEncoding = 4; lastKnownFileType = sourcecode.c.objc; path = CProgram.m; sourceTree = "<group>"; };
		459DEB6C141D359300C62479 /* CProgram_Extensions.h */ = {isa = PBXFileReference; fileEncoding = 4; lastKnownFileType = sourcecode.c.h; path = CProgram_Extensions.h; sourceTree = "<group>"; };
		459DEB6D141D359300C62479 /* CProgram_Extensions.m */ = {isa = PBXFileReference; fileEncoding = 4; lastKnownFileType = sourcecode.c.objc; path = CProgram_Extensions.m; sourceTree = "<group>"; };
		459DEB6E141D359300C62479 /* CShader.h */ = {isa = PBXFileReference; fileEncoding = 4; lastKnownFileType = sourcecode.c.h; path = CShader.h; sourceTree = "<group>"; };
		459DEB6F141D359300C62479 /* CShader.m */ = {isa = PBXFileReference; fileEncoding = 4; lastKnownFileType = sourcecode.c.objc; path = CShader.m; sourceTree = "<group>"; };
		459DEB70141D359300C62479 /* CTexture.h */ = {isa = PBXFileReference; fileEncoding = 4; lastKnownFileType = sourcecode.c.h; path = CTexture.h; sourceTree = "<group>"; };
		459DEB71141D359300C62479 /* CTexture.m */ = {isa = PBXFileReference; fileEncoding = 4; lastKnownFileType = sourcecode.c.objc; path = CTexture.m; sourceTree = "<group>"; };
		459DEB73141D359300C62479 /* CFrameBuffer.h */ = {isa = PBXFileReference; fileEncoding = 4; lastKnownFileType = sourcecode.c.h; path = CFrameBuffer.h; sourceTree = "<group>"; };
		459DEB74141D359300C62479 /* CFrameBuffer.m */ = {isa = PBXFileReference; fileEncoding = 4; lastKnownFileType = sourcecode.c.objc; path = CFrameBuffer.m; sourceTree = "<group>"; };
		459DEB75141D359300C62479 /* CRenderBuffer.h */ = {isa = PBXFileReference; fileEncoding = 4; lastKnownFileType = sourcecode.c.h; path = CRenderBuffer.h; sourceTree = "<group>"; };
		459DEB76141D359300C62479 /* CRenderBuffer.m */ = {isa = PBXFileReference; fileEncoding = 4; lastKnownFileType = sourcecode.c.objc; path = CRenderBuffer.m; sourceTree = "<group>"; };
		459DEB77141D359300C62479 /* CVertexArrayBuffer.h */ = {isa = PBXFileReference; fileEncoding = 4; lastKnownFileType = sourcecode.c.h; path = CVertexArrayBuffer.h; sourceTree = "<group>"; };
		459DEB78141D359300C62479 /* CVertexArrayBuffer.m */ = {isa = PBXFileReference; fileEncoding = 4; lastKnownFileType = sourcecode.c.objc; path = CVertexArrayBuffer.m; sourceTree = "<group>"; };
		459DEB79141D359300C62479 /* CSceneRenderer.h */ = {isa = PBXFileReference; fileEncoding = 4; lastKnownFileType = sourcecode.c.h; path = CSceneRenderer.h; sourceTree = "<group>"; };
		459DEB7A141D359300C62479 /* CSceneRenderer.m */ = {isa = PBXFileReference; fileEncoding = 4; lastKnownFileType = sourcecode.c.objc; path = CSceneRenderer.m; sourceTree = "<group>"; };
		459DEB7B141D359300C62479 /* CSceneRenderer_Extensions.h */ = {isa = PBXFileReference; fileEncoding = 4; lastKnownFileType = sourcecode.c.h; path = CSceneRenderer_Extensions.h; sourceTree = "<group>"; };
		459DEB7C141D359300C62479 /* CSceneRenderer_Extensions.m */ = {isa = PBXFileReference; fileEncoding = 4; lastKnownFileType = sourcecode.c.objc; path = CSceneRenderer_Extensions.m; sourceTree = "<group>"; };
		459DEB7E141D359300C62479 /* CArcBall.h */ = {isa = PBXFileReference; fileEncoding = 4; lastKnownFileType = sourcecode.c.h; path = CArcBall.h; sourceTree = "<group>"; };
		459DEB7F141D359300C62479 /* CArcBall.m */ = {isa = PBXFileReference; fileEncoding = 4; lastKnownFileType = sourcecode.c.objc; path = CArcBall.m; sourceTree = "<group>"; };
		459DEB81141D359300C62479 /* Matrix.h */ = {isa = PBXFileReference; fileEncoding = 4; lastKnownFileType = sourcecode.c.h; path = Matrix.h; sourceTree = "<group>"; };
		459DEB82141D359300C62479 /* Matrix.m */ = {isa = PBXFileReference; fileEncoding = 4; lastKnownFileType = sourcecode.c.objc; path = Matrix.m; sourceTree = "<group>"; };
		459DEB83141D359300C62479 /* Quaternion.h */ = {isa = PBXFileReference; fileEncoding = 4; lastKnownFileType = sourcecode.c.h; path = Quaternion.h; sourceTree = "<group>"; };
		459DEB84141D359300C62479 /* Quaternion.m */ = {isa = PBXFileReference; fileEncoding = 4; lastKnownFileType = sourcecode.c.objc; path = Quaternion.m; sourceTree = "<group>"; };
		459DEB86141D359300C62479 /* CGeometry.h */ = {isa = PBXFileReference; fileEncoding = 4; lastKnownFileType = sourcecode.c.h; path = CGeometry.h; sourceTree = "<group>"; };
		459DEB87141D359300C62479 /* CGeometry.m */ = {isa = PBXFileReference; fileEncoding = 4; lastKnownFileType = sourcecode.c.objc; path = CGeometry.m; sourceTree = "<group>"; };
		459DEB88141D359300C62479 /* CGeometryRenderer.h */ = {isa = PBXFileReference; fileEncoding = 4; lastKnownFileType = sourcecode.c.h; path = CGeometryRenderer.h; sourceTree = "<group>"; };
		459DEB89141D359300C62479 /* CGeometryRenderer.m */ = {isa = PBXFileReference; fileEncoding = 4; lastKnownFileType = sourcecode.c.objc; path = CGeometryRenderer.m; sourceTree = "<group>"; };
		459DEB8A141D359300C62479 /* CMaterial.h */ = {isa = PBXFileReference; fileEncoding = 4; lastKnownFileType = sourcecode.c.h; path = CMaterial.h; sourceTree = "<group>"; };
		459DEB8B141D359300C62479 /* CMaterial.m */ = {isa = PBXFileReference; fileEncoding = 4; lastKnownFileType = sourcecode.c.objc; path = CMaterial.m; sourceTree = "<group>"; };
		459DEB8C141D359300C62479 /* CMesh.h */ = {isa = PBXFileReference; fileEncoding = 4; lastKnownFileType = sourcecode.c.h; path = CMesh.h; sourceTree = "<group>"; };
		459DEB8D141D359300C62479 /* CMesh.m */ = {isa = PBXFileReference; fileEncoding = 4; lastKnownFileType = sourcecode.c.objc; path = CMesh.m; sourceTree = "<group>"; };
		459DEB8E141D359300C62479 /* CMeshLoader.h */ = {isa = PBXFileReference; fileEncoding = 4; lastKnownFileType = sourcecode.c.h; path = CMeshLoader.h; sourceTree = "<group>"; };
		459DEB8F141D359300C62479 /* CMeshLoader.m */ = {isa = PBXFileReference; fileEncoding = 4; lastKnownFileType = sourcecode.c.objc; path = CMeshLoader.m; sourceTree = "<group>"; };
		459DEB91141D359300C62479 /* CMTLParser.h */ = {isa = PBXFileReference; fileEncoding = 4; lastKnownFileType = sourcecode.c.h; path = CMTLParser.h; sourceTree = "<group>"; };
		459DEB92141D359300C62479 /* CMTLParser.m */ = {isa = PBXFileReference; fileEncoding = 4; lastKnownFileType = sourcecode.c.objc; path = CMTLParser.m; sourceTree = "<group>"; };
		459DEB93141D359300C62479 /* COBJParser.h */ = {isa = PBXFileReference; fileEncoding = 4; lastKnownFileType = sourcecode.c.h; path = COBJParser.h; sourceTree = "<group>"; };
		459DEB94141D359300C62479 /* COBJParser.m */ = {isa = PBXFileReference; fileEncoding = 4; lastKnownFileType = sourcecode.c.objc; path = COBJParser.m; sourceTree = "<group>"; };
		459DEB95141D359300C62479 /* OpenGLIncludes.h */ = {isa = PBXFileReference; fileEncoding = 4; lastKnownFileType = sourcecode.c.h; path = OpenGLIncludes.h; sourceTree = "<group>"; };
		459DEB96141D359300C62479 /* OpenGLTypes.h */ = {isa = PBXFileReference; fileEncoding = 4; lastKnownFileType = sourcecode.c.h; path = OpenGLTypes.h; sourceTree = "<group>"; };
		459DEB97141D359300C62479 /* OpenGLTypes.m */ = {isa = PBXFileReference; fileEncoding = 4; lastKnownFileType = sourcecode.c.objc; path = OpenGLTypes.m; sourceTree = "<group>"; };
		459DEB9A141D359300C62479 /* CInteractiveRendererView.h */ = {isa = PBXFileReference; fileEncoding = 4; lastKnownFileType = sourcecode.c.h; path = CInteractiveRendererView.h; sourceTree = "<group>"; };
		459DEB9B141D359300C62479 /* CInteractiveRendererView.m */ = {isa = PBXFileReference; fileEncoding = 4; lastKnownFileType = sourcecode.c.objc; path = CInteractiveRendererView.m; sourceTree = "<group>"; };
		459DEB9E141D359300C62479 /* CRendererView.h */ = {isa = PBXFileReference; fileEncoding = 4; lastKnownFileType = sourcecode.c.h; path = CRendererView.h; sourceTree = "<group>"; };
		459DEB9F141D359300C62479 /* CRendererView.m */ = {isa = PBXFileReference; fileEncoding = 4; lastKnownFileType = sourcecode.c.objc; path = CRendererView.m; sourceTree = "<group>"; };
		459DEBA0141D359300C62479 /* UIColor_OpenGLExtensions.h */ = {isa = PBXFileReference; fileEncoding = 4; lastKnownFileType = sourcecode.c.h; path = UIColor_OpenGLExtensions.h; sourceTree = "<group>"; };
		459DEBA1141D359300C62479 /* UIColor_OpenGLExtensions.m */ = {isa = PBXFileReference; fileEncoding = 4; lastKnownFileType = sourcecode.c.objc; path = UIColor_OpenGLExtensions.m; sourceTree = "<group>"; };
		459DEBAA141D359300C62479 /* CCamera.h */ = {isa = PBXFileReference; fileEncoding = 4; lastKnownFileType = sourcecode.c.h; path = CCamera.h; sourceTree = "<group>"; };
		459DEBAB141D359300C62479 /* CCamera.m */ = {isa = PBXFileReference; fileEncoding = 4; lastKnownFileType = sourcecode.c.objc; path = CCamera.m; sourceTree = "<group>"; };
		459DEBAC141D359300C62479 /* CLight.h */ = {isa = PBXFileReference; fileEncoding = 4; lastKnownFileType = sourcecode.c.h; path = CLight.h; sourceTree = "<group>"; };
		459DEBAD141D359300C62479 /* CLight.m */ = {isa = PBXFileReference; fileEncoding = 4; lastKnownFileType = sourcecode.c.objc; path = CLight.m; sourceTree = "<group>"; };
		459DEBAF141D359300C62479 /* CGeometry_PropertyListExtensions.h */ = {isa = PBXFileReference; fileEncoding = 4; lastKnownFileType = sourcecode.c.h; path = CGeometry_PropertyListExtensions.h; sourceTree = "<group>"; };
		459DEBB0141D359300C62479 /* CGeometry_PropertyListExtensions.m */ = {isa = PBXFileReference; fileEncoding = 4; lastKnownFileType = sourcecode.c.objc; path = CGeometry_PropertyListExtensions.m; sourceTree = "<group>"; };
		459DEBB1141D359300C62479 /* CMesh_PropertyListExtensions.h */ = {isa = PBXFileReference; fileEncoding = 4; lastKnownFileType = sourcecode.c.h; path = CMesh_PropertyListExtensions.h; sourceTree = "<group>"; };
		459DEBB2141D359300C62479 /* CMesh_PropertyListExtensions.m */ = {isa = PBXFileReference; fileEncoding = 4; lastKnownFileType = sourcecode.c.objc; path = CMesh_PropertyListExtensions.m; sourceTree = "<group>"; };
		459DEBB3141D359300C62479 /* CPropertyListRepresentation.h */ = {isa = PBXFileReference; fileEncoding = 4; lastKnownFileType = sourcecode.c.h; path = CPropertyListRepresentation.h; sourceTree = "<group>"; };
		459DEBB4141D359300C62479 /* CVertexBuffer_PropertyListRepresentation.h */ = {isa = PBXFileReference; fileEncoding = 4; lastKnownFileType = sourcecode.c.h; path = CVertexBuffer_PropertyListRepresentation.h; sourceTree = "<group>"; };
		459DEBB5141D359300C62479 /* CVertexBuffer_PropertyListRepresentation.m */ = {isa = PBXFileReference; fileEncoding = 4; lastKnownFileType = sourcecode.c.objc; path = CVertexBuffer_PropertyListRepresentation.m; sourceTree = "<group>"; };
		459DEBB6141D359300C62479 /* NSData_NumberExtensions.h */ = {isa = PBXFileReference; fileEncoding = 4; lastKnownFileType = sourcecode.c.h; path = NSData_NumberExtensions.h; sourceTree = "<group>"; };
		459DEBB7141D359300C62479 /* NSData_NumberExtensions.m */ = {isa = PBXFileReference; fileEncoding = 4; lastKnownFileType = sourcecode.c.objc; path = NSData_NumberExtensions.m; sourceTree = "<group>"; };
		459DEBB9141D359300C62479 /* CMutableVertexBuffer.h */ = {isa = PBXFileReference; fileEncoding = 4; lastKnownFileType = sourcecode.c.h; path = CMutableVertexBuffer.h; sourceTree = "<group>"; };
		459DEBBA141D359300C62479 /* CMutableVertexBuffer.m */ = {isa = PBXFileReference; fileEncoding = 4; lastKnownFileType = sourcecode.c.objc; path = CMutableVertexBuffer.m; sourceTree = "<group>"; };
		459DEBBB141D359300C62479 /* CVertexBuffer.h */ = {isa = PBXFileReference; fileEncoding = 4; lastKnownFileType = sourcecode.c.h; path = CVertexBuffer.h; sourceTree = "<group>"; };
		459DEBBC141D359300C62479 /* CVertexBuffer.m */ = {isa = PBXFileReference; fileEncoding = 4; lastKnownFileType = sourcecode.c.objc; path = CVertexBuffer.m; sourceTree = "<group>"; };
		459DEBBD141D359300C62479 /* CVertexBuffer_FactoryExtensions.h */ = {isa = PBXFileReference; fileEncoding = 4; lastKnownFileType = sourcecode.c.h; path = CVertexBuffer_FactoryExtensions.h; sourceTree = "<group>"; };
		459DEBBE141D359300C62479 /* CVertexBuffer_FactoryExtensions.m */ = {isa = PBXFileReference; fileEncoding = 4; lastKnownFileType = sourcecode.c.objc; path = CVertexBuffer_FactoryExtensions.m; sourceTree = "<group>"; };
		459DEBBF141D359300C62479 /* CVertexBufferReference.h */ = {isa = PBXFileReference; fileEncoding = 4; lastKnownFileType = sourcecode.c.h; path = CVertexBufferReference.h; sourceTree = "<group>"; };
		459DEBC0141D359300C62479 /* CVertexBufferReference.m */ = {isa = PBXFileReference; fileEncoding = 4; lastKnownFileType = sourcecode.c.objc; path = CVertexBufferReference.m; sourceTree = "<group>"; };
		459DEC79141D35B100C62479 /* Shaders */ = {isa = PBXFileReference; lastKnownFileType = folder; path = Shaders; sourceTree = "<group>"; };
/* End PBXFileReference section */

/* Begin PBXFrameworksBuildPhase section */
		45781C51130AFE1E00B57285 /* Frameworks */ = {
			isa = PBXFrameworksBuildPhase;
			buildActionMask = 2147483647;
			files = (
				459CFBA61332E48800B16315 /* CoreMotion.framework in Frameworks */,
				45781C5D130AFE1E00B57285 /* CoreGraphics.framework in Frameworks */,
				4527174C130B203700529A0C /* QuartzCore.framework in Frameworks */,
				4527174A130B202F00529A0C /* OpenGLES.framework in Frameworks */,
				45781C59130AFE1E00B57285 /* UIKit.framework in Frameworks */,
				45781C5B130AFE1E00B57285 /* Foundation.framework in Frameworks */,
			);
			runOnlyForDeploymentPostprocessing = 0;
		};
		457D9C85133D23DB00F576A3 /* Frameworks */ = {
			isa = PBXFrameworksBuildPhase;
			buildActionMask = 2147483647;
			files = (
				457D9C8A133D23DB00F576A3 /* UIKit.framework in Frameworks */,
				457D9C8B133D23DB00F576A3 /* Foundation.framework in Frameworks */,
				457D9C8C133D23DB00F576A3 /* CoreGraphics.framework in Frameworks */,
			);
			runOnlyForDeploymentPostprocessing = 0;
		};
/* End PBXFrameworksBuildPhase section */

/* Begin PBXGroup section */
		45299662130B8D6A009FD0A3 /* SimpleTest */ = {
			isa = PBXGroup;
			children = (
				45299663130B8D6A009FD0A3 /* CModelViewController.h */,
				45299664130B8D6A009FD0A3 /* CModelViewController.m */,
				45299665130B8D6A009FD0A3 /* Info.plist */,
				45299666130B8D6A009FD0A3 /* main.m */,
				45299667130B8D6A009FD0A3 /* MainWindow.xib */,
				45299668130B8D6A009FD0A3 /* Prefix.pch */,
			);
			name = SimpleTest;
			sourceTree = "<group>";
		};
		456369B8135676C500E5A1E9 /* Mesh */ = {
			isa = PBXGroup;
			children = (
				456369B9135676C500E5A1E9 /* 02edc2837b569ac33d0709b313061e04.vbo */,
				456369BA135676C500E5A1E9 /* 85e7e43146bc76295d4a9b25ccef50d7.vbo */,
				456369BB135676C500E5A1E9 /* teapot.model.plist */,
			);
			name = Mesh;
			path = ../Meshes/teapot/Mesh;
			sourceTree = "<group>";
		};
		45781C49130AFE1E00B57285 = {
			isa = PBXGroup;
			children = (
				45299662130B8D6A009FD0A3 /* SimpleTest */,
				456369B41356741A00E5A1E9 /* Models */,
				459DEA94141D359300C62479 /* TouchOpenGL */,
				456369B8135676C500E5A1E9 /* Mesh */,
				457D9C8D133D23DB00F576A3 /* Unit Tests */,
				45781C57130AFE1E00B57285 /* Frameworks */,
				45781C55130AFE1E00B57285 /* Products */,
			);
			sourceTree = "<group>";
		};
		45781C55130AFE1E00B57285 /* Products */ = {
			isa = PBXGroup;
			children = (
				45781C54130AFE1E00B57285 /* ModelViewer.app */,
				457D9C89133D23DB00F576A3 /* Unit Tests.octest */,
			);
			name = Products;
			sourceTree = "<group>";
		};
		45781C57130AFE1E00B57285 /* Frameworks */ = {
			isa = PBXGroup;
			children = (
				459CFBA51332E48800B16315 /* CoreMotion.framework */,
				4527175A130B247700529A0C /* CoreGraphics.framework */,
				4527174B130B203700529A0C /* QuartzCore.framework */,
				45271749130B202F00529A0C /* OpenGLES.framework */,
				45781C58130AFE1E00B57285 /* UIKit.framework */,
				45781C5A130AFE1E00B57285 /* Foundation.framework */,
				45781C5C130AFE1E00B57285 /* CoreGraphics.framework */,
			);
			name = Frameworks;
			sourceTree = "<group>";
		};
		457D9C8D133D23DB00F576A3 /* Unit Tests */ = {
			isa = PBXGroup;
			children = (
				457D9C94133D23DB00F576A3 /* Unit_Tests.h */,
				457D9C96133D23DB00F576A3 /* Unit_Tests.m */,
				457D9C8E133D23DB00F576A3 /* Supporting Files */,
			);
			path = "Unit Tests";
			sourceTree = "<group>";
		};
		457D9C8E133D23DB00F576A3 /* Supporting Files */ = {
			isa = PBXGroup;
			children = (
				457D9C8F133D23DB00F576A3 /* Unit Tests-Info.plist */,
				457D9C90133D23DB00F576A3 /* InfoPlist.strings */,
				457D9C93133D23DB00F576A3 /* Unit Tests-Prefix.pch */,
			);
			name = "Supporting Files";
			sourceTree = "<group>";
		};
		459DEA94141D359300C62479 /* TouchOpenGL */ = {
			isa = PBXGroup;
			children = (
				459DEACC141D359300C62479 /* Resources */,
				459DEB64141D359300C62479 /* Source */,
			);
			name = TouchOpenGL;
			path = ../..;
			sourceTree = "<group>";
		};
		459DEACC141D359300C62479 /* Resources */ = {
			isa = PBXGroup;
			children = (
				459DEC79141D35B100C62479 /* Shaders */,
			);
			path = Resources;
			sourceTree = "<group>";
		};
		459DEB64141D359300C62479 /* Source */ = {
			isa = PBXGroup;
			children = (
				459DEB65141D359300C62479 /* Assets */,
				459DEB72141D359300C62479 /* Buffers */,
				459DEB79141D359300C62479 /* CSceneRenderer.h */,
				459DEB7A141D359300C62479 /* CSceneRenderer.m */,
				459DEB7B141D359300C62479 /* CSceneRenderer_Extensions.h */,
				459DEB7C141D359300C62479 /* CSceneRenderer_Extensions.m */,
				459DEB7D141D359300C62479 /* Interaction */,
				459DEB80141D359300C62479 /* Math */,
				459DEB85141D359300C62479 /* Mesh */,
				459DEB95141D359300C62479 /* OpenGLIncludes.h */,
				459DEB96141D359300C62479 /* OpenGLTypes.h */,
				459DEB97141D359300C62479 /* OpenGLTypes.m */,
				459DEB98141D359300C62479 /* Platform */,
				459DEBA9141D359300C62479 /* Scenes */,
				459DEBAE141D359300C62479 /* Support */,
				459DEBB8141D359300C62479 /* VertexBuffers */,
			);
			path = Source;
			sourceTree = "<group>";
		};
		459DEB65141D359300C62479 /* Assets */ = {
			isa = PBXGroup;
			children = (
				459DEB66141D359300C62479 /* CLazyTexture.h */,
				459DEB67141D359300C62479 /* CLazyTexture.m */,
				459DEB68141D359300C62479 /* COpenGLAssetLibrary.h */,
				459DEB69141D359300C62479 /* COpenGLAssetLibrary.m */,
				459DEB6A141D359300C62479 /* CProgram.h */,
				459DEB6B141D359300C62479 /* CProgram.m */,
				459DEB6C141D359300C62479 /* CProgram_Extensions.h */,
				459DEB6D141D359300C62479 /* CProgram_Extensions.m */,
				459DEB6E141D359300C62479 /* CShader.h */,
				459DEB6F141D359300C62479 /* CShader.m */,
				459DEB70141D359300C62479 /* CTexture.h */,
				459DEB71141D359300C62479 /* CTexture.m */,
			);
			path = Assets;
			sourceTree = "<group>";
		};
		459DEB72141D359300C62479 /* Buffers */ = {
			isa = PBXGroup;
			children = (
				459DEB73141D359300C62479 /* CFrameBuffer.h */,
				459DEB74141D359300C62479 /* CFrameBuffer.m */,
				459DEB75141D359300C62479 /* CRenderBuffer.h */,
				459DEB76141D359300C62479 /* CRenderBuffer.m */,
				459DEB77141D359300C62479 /* CVertexArrayBuffer.h */,
				459DEB78141D359300C62479 /* CVertexArrayBuffer.m */,
			);
			path = Buffers;
			sourceTree = "<group>";
		};
		459DEB7D141D359300C62479 /* Interaction */ = {
			isa = PBXGroup;
			children = (
				459DEB7E141D359300C62479 /* CArcBall.h */,
				459DEB7F141D359300C62479 /* CArcBall.m */,
			);
			path = Interaction;
			sourceTree = "<group>";
		};
		459DEB80141D359300C62479 /* Math */ = {
			isa = PBXGroup;
			children = (
				459DEB81141D359300C62479 /* Matrix.h */,
				459DEB82141D359300C62479 /* Matrix.m */,
				459DEB83141D359300C62479 /* Quaternion.h */,
				459DEB84141D359300C62479 /* Quaternion.m */,
			);
			path = Math;
			sourceTree = "<group>";
		};
		459DEB85141D359300C62479 /* Mesh */ = {
			isa = PBXGroup;
			children = (
				459DEB86141D359300C62479 /* CGeometry.h */,
				459DEB87141D359300C62479 /* CGeometry.m */,
				459DEB88141D359300C62479 /* CGeometryRenderer.h */,
				459DEB89141D359300C62479 /* CGeometryRenderer.m */,
				459DEB8A141D359300C62479 /* CMaterial.h */,
				459DEB8B141D359300C62479 /* CMaterial.m */,
				459DEB8C141D359300C62479 /* CMesh.h */,
				459DEB8D141D359300C62479 /* CMesh.m */,
				459DEB8E141D359300C62479 /* CMeshLoader.h */,
				459DEB8F141D359300C62479 /* CMeshLoader.m */,
				459DEB90141D359300C62479 /* OBJ */,
			);
			path = Mesh;
			sourceTree = "<group>";
		};
		459DEB90141D359300C62479 /* OBJ */ = {
			isa = PBXGroup;
			children = (
				459DEB91141D359300C62479 /* CMTLParser.h */,
				459DEB92141D359300C62479 /* CMTLParser.m */,
				459DEB93141D359300C62479 /* COBJParser.h */,
				459DEB94141D359300C62479 /* COBJParser.m */,
			);
			path = OBJ;
			sourceTree = "<group>";
		};
		459DEB98141D359300C62479 /* Platform */ = {
			isa = PBXGroup;
			children = (
				459DEB99141D359300C62479 /* iOS */,
			);
			path = Platform;
			sourceTree = "<group>";
		};
		459DEB99141D359300C62479 /* iOS */ = {
			isa = PBXGroup;
			children = (
				459DEB9A141D359300C62479 /* CInteractiveRendererView.h */,
				459DEB9B141D359300C62479 /* CInteractiveRendererView.m */,
				459DEB9E141D359300C62479 /* CRendererView.h */,
				459DEB9F141D359300C62479 /* CRendererView.m */,
				459DEBA0141D359300C62479 /* UIColor_OpenGLExtensions.h */,
				459DEBA1141D359300C62479 /* UIColor_OpenGLExtensions.m */,
			);
			path = iOS;
			sourceTree = "<group>";
		};
		459DEBA9141D359300C62479 /* Scenes */ = {
			isa = PBXGroup;
			children = (
				459DEBAA141D359300C62479 /* CCamera.h */,
				459DEBAB141D359300C62479 /* CCamera.m */,
				459DEBAC141D359300C62479 /* CLight.h */,
				459DEBAD141D359300C62479 /* CLight.m */,
			);
			path = Scenes;
			sourceTree = "<group>";
		};
		459DEBAE141D359300C62479 /* Support */ = {
			isa = PBXGroup;
			children = (
				459DEBAF141D359300C62479 /* CGeometry_PropertyListExtensions.h */,
				459DEBB0141D359300C62479 /* CGeometry_PropertyListExtensions.m */,
				459DEBB1141D359300C62479 /* CMesh_PropertyListExtensions.h */,
				459DEBB2141D359300C62479 /* CMesh_PropertyListExtensions.m */,
				459DEBB3141D359300C62479 /* CPropertyListRepresentation.h */,
				459DEBB4141D359300C62479 /* CVertexBuffer_PropertyListRepresentation.h */,
				459DEBB5141D359300C62479 /* CVertexBuffer_PropertyListRepresentation.m */,
				459DEBB6141D359300C62479 /* NSData_NumberExtensions.h */,
				459DEBB7141D359300C62479 /* NSData_NumberExtensions.m */,
			);
			path = Support;
			sourceTree = "<group>";
		};
		459DEBB8141D359300C62479 /* VertexBuffers */ = {
			isa = PBXGroup;
			children = (
				459DEBB9141D359300C62479 /* CMutableVertexBuffer.h */,
				459DEBBA141D359300C62479 /* CMutableVertexBuffer.m */,
				459DEBBB141D359300C62479 /* CVertexBuffer.h */,
				459DEBBC141D359300C62479 /* CVertexBuffer.m */,
				459DEBBD141D359300C62479 /* CVertexBuffer_FactoryExtensions.h */,
				459DEBBE141D359300C62479 /* CVertexBuffer_FactoryExtensions.m */,
				459DEBBF141D359300C62479 /* CVertexBufferReference.h */,
				459DEBC0141D359300C62479 /* CVertexBufferReference.m */,
			);
			path = VertexBuffers;
			sourceTree = "<group>";
		};
/* End PBXGroup section */

/* Begin PBXNativeTarget section */
		45781C53130AFE1E00B57285 /* ModelViewer */ = {
			isa = PBXNativeTarget;
			buildConfigurationList = 45781C75130AFE1E00B57285 /* Build configuration list for PBXNativeTarget "ModelViewer" */;
			buildPhases = (
				45781C50130AFE1E00B57285 /* Sources */,
				45781C51130AFE1E00B57285 /* Frameworks */,
				45781C52130AFE1E00B57285 /* Resources */,
			);
			buildRules = (
			);
			dependencies = (
			);
			name = ModelViewer;
			productName = SketchTest;
			productReference = 45781C54130AFE1E00B57285 /* ModelViewer.app */;
			productType = "com.apple.product-type.application";
		};
		457D9C88133D23DB00F576A3 /* Unit Tests */ = {
			isa = PBXNativeTarget;
			buildConfigurationList = 457D9C9A133D23DB00F576A3 /* Build configuration list for PBXNativeTarget "Unit Tests" */;
			buildPhases = (
				457D9C84133D23DB00F576A3 /* Sources */,
				457D9C85133D23DB00F576A3 /* Frameworks */,
				457D9C86133D23DB00F576A3 /* Resources */,
				457D9C87133D23DB00F576A3 /* ShellScript */,
			);
			buildRules = (
			);
			dependencies = (
			);
			name = "Unit Tests";
			productName = "Unit Tests";
			productReference = 457D9C89133D23DB00F576A3 /* Unit Tests.octest */;
			productType = "com.apple.product-type.bundle";
		};
/* End PBXNativeTarget section */

/* Begin PBXProject section */
		45781C4B130AFE1E00B57285 /* Project object */ = {
			isa = PBXProject;
			attributes = {
				LastUpgradeCheck = 0420;
				ORGANIZATIONNAME = toxicsoftware.com;
			};
			buildConfigurationList = 45781C4E130AFE1E00B57285 /* Build configuration list for PBXProject "ModelViewer_iOS" */;
			compatibilityVersion = "Xcode 3.2";
			developmentRegion = English;
			hasScannedForEncodings = 0;
			knownRegions = (
				en,
			);
			mainGroup = 45781C49130AFE1E00B57285;
			productRefGroup = 45781C55130AFE1E00B57285 /* Products */;
			projectDirPath = "";
			projectRoot = "";
			targets = (
				45781C53130AFE1E00B57285 /* ModelViewer */,
				457D9C88133D23DB00F576A3 /* Unit Tests */,
			);
		};
/* End PBXProject section */

/* Begin PBXResourcesBuildPhase section */
		45781C52130AFE1E00B57285 /* Resources */ = {
			isa = PBXResourcesBuildPhase;
			buildActionMask = 2147483647;
			files = (
				4529966F130B8D6A009FD0A3 /* MainWindow.xib in Resources */,
				456369B51356741A00E5A1E9 /* Models in Resources */,
				456369BC135676C500E5A1E9 /* 02edc2837b569ac33d0709b313061e04.vbo in Resources */,
				456369BD135676C500E5A1E9 /* 85e7e43146bc76295d4a9b25ccef50d7.vbo in Resources */,
				456369BE135676C500E5A1E9 /* teapot.model.plist in Resources */,
				459DEC7A141D35B100C62479 /* Shaders in Resources */,
			);
			runOnlyForDeploymentPostprocessing = 0;
		};
		457D9C86133D23DB00F576A3 /* Resources */ = {
			isa = PBXResourcesBuildPhase;
			buildActionMask = 2147483647;
			files = (
				457D9C92133D23DB00F576A3 /* InfoPlist.strings in Resources */,
				457D9C95133D23DB00F576A3 /* Unit_Tests.h in Resources */,
			);
			runOnlyForDeploymentPostprocessing = 0;
		};
/* End PBXResourcesBuildPhase section */

/* Begin PBXShellScriptBuildPhase section */
		457D9C87133D23DB00F576A3 /* ShellScript */ = {
			isa = PBXShellScriptBuildPhase;
			buildActionMask = 2147483647;
			files = (
			);
			inputPaths = (
			);
			outputPaths = (
			);
			runOnlyForDeploymentPostprocessing = 0;
			shellPath = /bin/sh;
			shellScript = "# Run the unit tests in this test bundle.\n\"${SYSTEM_DEVELOPER_DIR}/Tools/RunUnitTests\"\n";
		};
/* End PBXShellScriptBuildPhase section */

/* Begin PBXSourcesBuildPhase section */
		45781C50130AFE1E00B57285 /* Sources */ = {
			isa = PBXSourcesBuildPhase;
			buildActionMask = 2147483647;
			files = (
				4529966C130B8D6A009FD0A3 /* CModelViewController.m in Sources */,
				4529966E130B8D6A009FD0A3 /* main.m in Sources */,
				459DEC4C141D359300C62479 /* CLazyTexture.m in Sources */,
				459DEC4D141D359300C62479 /* COpenGLAssetLibrary.m in Sources */,
				459DEC4E141D359300C62479 /* CProgram.m in Sources */,
				459DEC4F141D359300C62479 /* CProgram_Extensions.m in Sources */,
				459DEC50141D359300C62479 /* CShader.m in Sources */,
				459DEC51141D359300C62479 /* CTexture.m in Sources */,
				459DEC52141D359300C62479 /* CFrameBuffer.m in Sources */,
				459DEC53141D359300C62479 /* CRenderBuffer.m in Sources */,
				459DEC54141D359300C62479 /* CVertexArrayBuffer.m in Sources */,
				459DEC55141D359300C62479 /* CSceneRenderer.m in Sources */,
				459DEC56141D359300C62479 /* CSceneRenderer_Extensions.m in Sources */,
				459DEC57141D359300C62479 /* CArcBall.m in Sources */,
				459DEC58141D359300C62479 /* Matrix.m in Sources */,
				459DEC59141D359300C62479 /* Quaternion.m in Sources */,
				459DEC5A141D359300C62479 /* CGeometry.m in Sources */,
				459DEC5B141D359300C62479 /* CGeometryRenderer.m in Sources */,
				459DEC5C141D359300C62479 /* CMaterial.m in Sources */,
				459DEC5D141D359300C62479 /* CMesh.m in Sources */,
				459DEC5E141D359300C62479 /* CMeshLoader.m in Sources */,
				459DEC5F141D359300C62479 /* CMTLParser.m in Sources */,
				459DEC60141D359300C62479 /* COBJParser.m in Sources */,
				459DEC61141D359300C62479 /* OpenGLTypes.m in Sources */,
				459DEC62141D359300C62479 /* CInteractiveRendererView.m in Sources */,
				459DEC64141D359300C62479 /* CRendererView.m in Sources */,
				459DEC65141D359300C62479 /* UIColor_OpenGLExtensions.m in Sources */,
				459DEC69141D359300C62479 /* CCamera.m in Sources */,
				459DEC6A141D359300C62479 /* CLight.m in Sources */,
				459DEC6B141D359300C62479 /* CGeometry_PropertyListExtensions.m in Sources */,
				459DEC6C141D359300C62479 /* CMesh_PropertyListExtensions.m in Sources */,
				459DEC6D141D359300C62479 /* CVertexBuffer_PropertyListRepresentation.m in Sources */,
				459DEC6E141D359300C62479 /* NSData_NumberExtensions.m in Sources */,
				459DEC6F141D359300C62479 /* CMutableVertexBuffer.m in Sources */,
				459DEC70141D359300C62479 /* CVertexBuffer.m in Sources */,
				459DEC71141D359300C62479 /* CVertexBuffer_FactoryExtensions.m in Sources */,
				459DEC72141D359300C62479 /* CVertexBufferReference.m in Sources */,
			);
			runOnlyForDeploymentPostprocessing = 0;
		};
		457D9C84133D23DB00F576A3 /* Sources */ = {
			isa = PBXSourcesBuildPhase;
			buildActionMask = 2147483647;
			files = (
				457D9C97133D23DB00F576A3 /* Unit_Tests.m in Sources */,
			);
			runOnlyForDeploymentPostprocessing = 0;
		};
/* End PBXSourcesBuildPhase section */

/* Begin PBXVariantGroup section */
		457D9C90133D23DB00F576A3 /* InfoPlist.strings */ = {
			isa = PBXVariantGroup;
			children = (
				457D9C91133D23DB00F576A3 /* en */,
			);
			name = InfoPlist.strings;
			sourceTree = "<group>";
		};
/* End PBXVariantGroup section */

/* Begin XCBuildConfiguration section */
		45781C73130AFE1E00B57285 /* Debug */ = {
			isa = XCBuildConfiguration;
			buildSettings = {
				ARCHS = "$(ARCHS_UNIVERSAL_IPHONE_OS)";
				"CODE_SIGN_IDENTITY[sdk=iphoneos*]" = "iPhone Developer";
				GCC_C_LANGUAGE_STANDARD = gnu99;
				GCC_OPTIMIZATION_LEVEL = 0;
				GCC_PREPROCESSOR_DEFINITIONS = DEBUG;
				GCC_VERSION = com.apple.compilers.llvmgcc42;
				GCC_WARN_ABOUT_MISSING_PROTOTYPES = YES;
				GCC_WARN_ABOUT_RETURN_TYPE = YES;
				GCC_WARN_UNUSED_VARIABLE = YES;
				IPHONEOS_DEPLOYMENT_TARGET = 4.2;
				SDKROOT = iphoneos;
				TARGETED_DEVICE_FAMILY = 2;
			};
			name = Debug;
		};
		45781C74130AFE1E00B57285 /* Release */ = {
			isa = XCBuildConfiguration;
			buildSettings = {
				ARCHS = "$(ARCHS_UNIVERSAL_IPHONE_OS)";
				"CODE_SIGN_IDENTITY[sdk=iphoneos*]" = "iPhone Developer";
				GCC_C_LANGUAGE_STANDARD = gnu99;
				GCC_VERSION = com.apple.compilers.llvmgcc42;
				GCC_WARN_ABOUT_MISSING_PROTOTYPES = YES;
				GCC_WARN_ABOUT_RETURN_TYPE = YES;
				GCC_WARN_UNUSED_VARIABLE = YES;
				IPHONEOS_DEPLOYMENT_TARGET = 4.2;
				OTHER_CFLAGS = "-DNS_BLOCK_ASSERTIONS=1";
				SDKROOT = iphoneos;
				TARGETED_DEVICE_FAMILY = 2;
			};
			name = Release;
		};
		45781C76130AFE1E00B57285 /* Debug */ = {
			isa = XCBuildConfiguration;
			buildSettings = {
				ALWAYS_SEARCH_USER_PATHS = NO;
				COPY_PHASE_STRIP = NO;
				GCC_DYNAMIC_NO_PIC = NO;
				GCC_PRECOMPILE_PREFIX_HEADER = YES;
				GCC_PREFIX_HEADER = Prefix.pch;
				GCC_VERSION = com.apple.compilers.llvm.clang.1_0;
				GCC_WARN_64_TO_32_BIT_CONVERSION = YES;
				GCC_WARN_ABOUT_MISSING_FIELD_INITIALIZERS = NO;
				GCC_WARN_ABOUT_MISSING_NEWLINE = YES;
				GCC_WARN_ABOUT_MISSING_PROTOTYPES = YES;
				GCC_WARN_INITIALIZER_NOT_FULLY_BRACKETED = NO;
				GCC_WARN_MULTIPLE_DEFINITION_TYPES_FOR_SELECTOR = NO;
				GCC_WARN_SIGN_COMPARE = YES;
				GCC_WARN_STRICT_SELECTOR_MATCH = YES;
				GCC_WARN_UNDECLARED_SELECTOR = YES;
				GCC_WARN_UNINITIALIZED_AUTOS = YES;
				GCC_WARN_UNUSED_FUNCTION = YES;
				GCC_WARN_UNUSED_LABEL = YES;
				GCC_WARN_UNUSED_PARAMETER = YES;
				INFOPLIST_FILE = Info.plist;
				INSTALL_PATH = "$(LOCAL_APPS_DIR)";
				OTHER_CFLAGS = "-DDEBUG=1";
				PRODUCT_NAME = "$(TARGET_NAME)";
				RUN_CLANG_STATIC_ANALYZER = YES;
				TARGETED_DEVICE_FAMILY = "1,2";
				WRAPPER_EXTENSION = app;
			};
			name = Debug;
		};
		45781C77130AFE1E00B57285 /* Release */ = {
			isa = XCBuildConfiguration;
			buildSettings = {
				ALWAYS_SEARCH_USER_PATHS = NO;
				COPY_PHASE_STRIP = YES;
				GCC_PRECOMPILE_PREFIX_HEADER = YES;
				GCC_PREFIX_HEADER = Prefix.pch;
				GCC_VERSION = com.apple.compilers.llvm.clang.1_0;
				GCC_WARN_64_TO_32_BIT_CONVERSION = YES;
				GCC_WARN_ABOUT_MISSING_FIELD_INITIALIZERS = NO;
				GCC_WARN_ABOUT_MISSING_NEWLINE = YES;
				GCC_WARN_ABOUT_MISSING_PROTOTYPES = YES;
				GCC_WARN_INITIALIZER_NOT_FULLY_BRACKETED = NO;
				GCC_WARN_MULTIPLE_DEFINITION_TYPES_FOR_SELECTOR = NO;
				GCC_WARN_SIGN_COMPARE = YES;
				GCC_WARN_STRICT_SELECTOR_MATCH = YES;
				GCC_WARN_UNDECLARED_SELECTOR = YES;
				GCC_WARN_UNINITIALIZED_AUTOS = YES;
				GCC_WARN_UNUSED_FUNCTION = YES;
				GCC_WARN_UNUSED_LABEL = YES;
				GCC_WARN_UNUSED_PARAMETER = YES;
				INFOPLIST_FILE = Info.plist;
				INSTALL_PATH = "$(LOCAL_APPS_DIR)";
				PRODUCT_NAME = "$(TARGET_NAME)";
				RUN_CLANG_STATIC_ANALYZER = YES;
				TARGETED_DEVICE_FAMILY = "1,2";
				VALIDATE_PRODUCT = YES;
				WRAPPER_EXTENSION = app;
			};
			name = Release;
		};
		457D9C98133D23DB00F576A3 /* Debug */ = {
			isa = XCBuildConfiguration;
			buildSettings = {
				ALWAYS_SEARCH_USER_PATHS = NO;
				ARCHS = "$(ARCHS_STANDARD_32_BIT)";
				FRAMEWORK_SEARCH_PATHS = (
					"$(SDKROOT)/Developer/Library/Frameworks",
					"$(DEVELOPER_LIBRARY_DIR)/Frameworks",
				);
				GCC_PRECOMPILE_PREFIX_HEADER = YES;
				GCC_PREFIX_HEADER = "Unit Tests/Unit Tests-Prefix.pch";
				GCC_SYMBOLS_PRIVATE_EXTERN = NO;
				INFOPLIST_FILE = "Unit Tests/Unit Tests-Info.plist";
				IPHONEOS_DEPLOYMENT_TARGET = 4.3;
				OTHER_LDFLAGS = (
					"-framework",
					SenTestingKit,
				);
				PRODUCT_NAME = "$(TARGET_NAME)";
				WRAPPER_EXTENSION = octest;
			};
			name = Debug;
		};
		457D9C99133D23DB00F576A3 /* Release */ = {
			isa = XCBuildConfiguration;
			buildSettings = {
				ALWAYS_SEARCH_USER_PATHS = NO;
				ARCHS = "$(ARCHS_STANDARD_32_BIT)";
				FRAMEWORK_SEARCH_PATHS = (
					"$(SDKROOT)/Developer/Library/Frameworks",
					"$(DEVELOPER_LIBRARY_DIR)/Frameworks",
				);
				GCC_PRECOMPILE_PREFIX_HEADER = YES;
				GCC_PREFIX_HEADER = "Unit Tests/Unit Tests-Prefix.pch";
				INFOPLIST_FILE = "Unit Tests/Unit Tests-Info.plist";
				IPHONEOS_DEPLOYMENT_TARGET = 4.3;
				OTHER_LDFLAGS = (
					"-framework",
					SenTestingKit,
				);
				PRODUCT_NAME = "$(TARGET_NAME)";
				WRAPPER_EXTENSION = octest;
			};
			name = Release;
		};
/* End XCBuildConfiguration section */

/* Begin XCConfigurationList section */
		45781C4E130AFE1E00B57285 /* Build configuration list for PBXProject "ModelViewer_iOS" */ = {
			isa = XCConfigurationList;
			buildConfigurations = (
				45781C73130AFE1E00B57285 /* Debug */,
				45781C74130AFE1E00B57285 /* Release */,
			);
			defaultConfigurationIsVisible = 0;
			defaultConfigurationName = Release;
		};
		45781C75130AFE1E00B57285 /* Build configuration list for PBXNativeTarget "ModelViewer" */ = {
			isa = XCConfigurationList;
			buildConfigurations = (
				45781C76130AFE1E00B57285 /* Debug */,
				45781C77130AFE1E00B57285 /* Release */,
			);
			defaultConfigurationIsVisible = 0;
			defaultConfigurationName = Release;
		};
		457D9C9A133D23DB00F576A3 /* Build configuration list for PBXNativeTarget "Unit Tests" */ = {
			isa = XCConfigurationList;
			buildConfigurations = (
				457D9C98133D23DB00F576A3 /* Debug */,
				457D9C99133D23DB00F576A3 /* Release */,
			);
			defaultConfigurationIsVisible = 0;
			defaultConfigurationName = Release;
		};
/* End XCConfigurationList section */
	};
	rootObject = 45781C4B130AFE1E00B57285 /* Project object */;
}
